// !$*UTF8*$!
{
	archiveVersion = 1;
	classes = {
	};
	objectVersion = 56;
	objects = {

/* Begin PBXBuildFile section */
		741F1912D975687992013653 /* Pods_uParker_UIKit.framework in Frameworks */ = {isa = PBXBuildFile; fileRef = 09F9065AF238C9EE9B6BA909 /* Pods_uParker_UIKit.framework */; };
		80B933EE2963EDE30050EA0C /* AppDelegate.swift in Sources */ = {isa = PBXBuildFile; fileRef = 80B933ED2963EDE30050EA0C /* AppDelegate.swift */; };
		80B933F02963EDE30050EA0C /* SceneDelegate.swift in Sources */ = {isa = PBXBuildFile; fileRef = 80B933EF2963EDE30050EA0C /* SceneDelegate.swift */; };
		80B933F22963EDE30050EA0C /* ViewController.swift in Sources */ = {isa = PBXBuildFile; fileRef = 80B933F12963EDE30050EA0C /* ViewController.swift */; };
		80B933F52963EDE30050EA0C /* Main.storyboard in Resources */ = {isa = PBXBuildFile; fileRef = 80B933F32963EDE30050EA0C /* Main.storyboard */; };
		80B933F72963EDE40050EA0C /* Assets.xcassets in Resources */ = {isa = PBXBuildFile; fileRef = 80B933F62963EDE40050EA0C /* Assets.xcassets */; };
		80B933FA2963EDE40050EA0C /* LaunchScreen.storyboard in Resources */ = {isa = PBXBuildFile; fileRef = 80B933F82963EDE40050EA0C /* LaunchScreen.storyboard */; };
		80B9340B2963F0F20050EA0C /* Review.swift in Sources */ = {isa = PBXBuildFile; fileRef = 80B934032963F0F20050EA0C /* Review.swift */; };
		80B9340C2963F0F20050EA0C /* PaymentMethod.swift in Sources */ = {isa = PBXBuildFile; fileRef = 80B934042963F0F20050EA0C /* PaymentMethod.swift */; };
		80B9340D2963F0F20050EA0C /* Environment.swift in Sources */ = {isa = PBXBuildFile; fileRef = 80B934052963F0F20050EA0C /* Environment.swift */; };
		80B9340E2963F0F20050EA0C /* Spot.swift in Sources */ = {isa = PBXBuildFile; fileRef = 80B934062963F0F20050EA0C /* Spot.swift */; };
		80B9340F2963F0F20050EA0C /* VehicleList.swift in Sources */ = {isa = PBXBuildFile; fileRef = 80B934072963F0F20050EA0C /* VehicleList.swift */; };
		80B934102963F0F20050EA0C /* User.swift in Sources */ = {isa = PBXBuildFile; fileRef = 80B934082963F0F20050EA0C /* User.swift */; };
		80B934112963F0F20050EA0C /* Vehicle.swift in Sources */ = {isa = PBXBuildFile; fileRef = 80B934092963F0F20050EA0C /* Vehicle.swift */; };
		80B934122963F0F20050EA0C /* Reservation.swift in Sources */ = {isa = PBXBuildFile; fileRef = 80B9340A2963F0F20050EA0C /* Reservation.swift */; };
/* End PBXBuildFile section */

/* Begin PBXFileReference section */
		09F9065AF238C9EE9B6BA909 /* Pods_uParker_UIKit.framework */ = {isa = PBXFileReference; explicitFileType = wrapper.framework; includeInIndex = 0; path = Pods_uParker_UIKit.framework; sourceTree = BUILT_PRODUCTS_DIR; };
		80B933EA2963EDE30050EA0C /* uParker-UIKit.app */ = {isa = PBXFileReference; explicitFileType = wrapper.application; includeInIndex = 0; path = "uParker-UIKit.app"; sourceTree = BUILT_PRODUCTS_DIR; };
		80B933ED2963EDE30050EA0C /* AppDelegate.swift */ = {isa = PBXFileReference; lastKnownFileType = sourcecode.swift; path = AppDelegate.swift; sourceTree = "<group>"; };
		80B933EF2963EDE30050EA0C /* SceneDelegate.swift */ = {isa = PBXFileReference; lastKnownFileType = sourcecode.swift; path = SceneDelegate.swift; sourceTree = "<group>"; };
		80B933F12963EDE30050EA0C /* ViewController.swift */ = {isa = PBXFileReference; lastKnownFileType = sourcecode.swift; path = ViewController.swift; sourceTree = "<group>"; };
		80B933F42963EDE30050EA0C /* Base */ = {isa = PBXFileReference; lastKnownFileType = file.storyboard; name = Base; path = Base.lproj/Main.storyboard; sourceTree = "<group>"; };
		80B933F62963EDE40050EA0C /* Assets.xcassets */ = {isa = PBXFileReference; lastKnownFileType = folder.assetcatalog; path = Assets.xcassets; sourceTree = "<group>"; };
		80B933F92963EDE40050EA0C /* Base */ = {isa = PBXFileReference; lastKnownFileType = file.storyboard; name = Base; path = Base.lproj/LaunchScreen.storyboard; sourceTree = "<group>"; };
		80B933FB2963EDE40050EA0C /* Info.plist */ = {isa = PBXFileReference; lastKnownFileType = text.plist.xml; path = Info.plist; sourceTree = "<group>"; };
		80B934032963F0F20050EA0C /* Review.swift */ = {isa = PBXFileReference; fileEncoding = 4; lastKnownFileType = sourcecode.swift; path = Review.swift; sourceTree = "<group>"; };
		80B934042963F0F20050EA0C /* PaymentMethod.swift */ = {isa = PBXFileReference; fileEncoding = 4; lastKnownFileType = sourcecode.swift; path = PaymentMethod.swift; sourceTree = "<group>"; };
		80B934052963F0F20050EA0C /* Environment.swift */ = {isa = PBXFileReference; fileEncoding = 4; lastKnownFileType = sourcecode.swift; path = Environment.swift; sourceTree = "<group>"; };
		80B934062963F0F20050EA0C /* Spot.swift */ = {isa = PBXFileReference; fileEncoding = 4; lastKnownFileType = sourcecode.swift; path = Spot.swift; sourceTree = "<group>"; };
		80B934072963F0F20050EA0C /* VehicleList.swift */ = {isa = PBXFileReference; fileEncoding = 4; lastKnownFileType = sourcecode.swift; path = VehicleList.swift; sourceTree = "<group>"; };
		80B934082963F0F20050EA0C /* User.swift */ = {isa = PBXFileReference; fileEncoding = 4; lastKnownFileType = sourcecode.swift; path = User.swift; sourceTree = "<group>"; };
		80B934092963F0F20050EA0C /* Vehicle.swift */ = {isa = PBXFileReference; fileEncoding = 4; lastKnownFileType = sourcecode.swift; path = Vehicle.swift; sourceTree = "<group>"; };
		80B9340A2963F0F20050EA0C /* Reservation.swift */ = {isa = PBXFileReference; fileEncoding = 4; lastKnownFileType = sourcecode.swift; path = Reservation.swift; sourceTree = "<group>"; };
		A32419873A8EA3131CC33BEB /* Pods-uParker-UIKit.release.xcconfig */ = {isa = PBXFileReference; includeInIndex = 1; lastKnownFileType = text.xcconfig; name = "Pods-uParker-UIKit.release.xcconfig"; path = "Target Support Files/Pods-uParker-UIKit/Pods-uParker-UIKit.release.xcconfig"; sourceTree = "<group>"; };
		BEDB4BCD8673EA786F95D02F /* Pods-uParker-UIKit.debug.xcconfig */ = {isa = PBXFileReference; includeInIndex = 1; lastKnownFileType = text.xcconfig; name = "Pods-uParker-UIKit.debug.xcconfig"; path = "Target Support Files/Pods-uParker-UIKit/Pods-uParker-UIKit.debug.xcconfig"; sourceTree = "<group>"; };
/* End PBXFileReference section */

/* Begin PBXFrameworksBuildPhase section */
		80B933E72963EDE30050EA0C /* Frameworks */ = {
			isa = PBXFrameworksBuildPhase;
			buildActionMask = 2147483647;
			files = (
				741F1912D975687992013653 /* Pods_uParker_UIKit.framework in Frameworks */,
			);
			runOnlyForDeploymentPostprocessing = 0;
		};
/* End PBXFrameworksBuildPhase section */

/* Begin PBXGroup section */
		0145A19A97977B5698EE4D2B /* Pods */ = {
			isa = PBXGroup;
			children = (
				BEDB4BCD8673EA786F95D02F /* Pods-uParker-UIKit.debug.xcconfig */,
				A32419873A8EA3131CC33BEB /* Pods-uParker-UIKit.release.xcconfig */,
			);
			path = Pods;
			sourceTree = "<group>";
		};
		80B933E12963EDE30050EA0C = {
			isa = PBXGroup;
			children = (
				80B933EC2963EDE30050EA0C /* uParker-UIKit */,
				80B933EB2963EDE30050EA0C /* Products */,
				0145A19A97977B5698EE4D2B /* Pods */,
				B47D50B6DF9D1725F0760E4C /* Frameworks */,
			);
			sourceTree = "<group>";
		};
		80B933EB2963EDE30050EA0C /* Products */ = {
			isa = PBXGroup;
			children = (
				80B933EA2963EDE30050EA0C /* uParker-UIKit.app */,
			);
			name = Products;
			sourceTree = "<group>";
		};
		80B933EC2963EDE30050EA0C /* uParker-UIKit */ = {
			isa = PBXGroup;
			children = (
				80B933ED2963EDE30050EA0C /* AppDelegate.swift */,
				80B933EF2963EDE30050EA0C /* SceneDelegate.swift */,
				80B933F12963EDE30050EA0C /* ViewController.swift */,
				80B934132963F0F70050EA0C /* Model */,
				80B933F32963EDE30050EA0C /* Main.storyboard */,
				80B933F62963EDE40050EA0C /* Assets.xcassets */,
				80B933F82963EDE40050EA0C /* LaunchScreen.storyboard */,
				80B933FB2963EDE40050EA0C /* Info.plist */,
			);
			path = "uParker-UIKit";
			sourceTree = "<group>";
		};
		80B934132963F0F70050EA0C /* Model */ = {
			isa = PBXGroup;
			children = (
				80B934052963F0F20050EA0C /* Environment.swift */,
				80B934042963F0F20050EA0C /* PaymentMethod.swift */,
				80B9340A2963F0F20050EA0C /* Reservation.swift */,
				80B934032963F0F20050EA0C /* Review.swift */,
				80B934062963F0F20050EA0C /* Spot.swift */,
				80B934082963F0F20050EA0C /* User.swift */,
				80B934092963F0F20050EA0C /* Vehicle.swift */,
				80B934072963F0F20050EA0C /* VehicleList.swift */,
			);
			path = Model;
			sourceTree = "<group>";
		};
		B47D50B6DF9D1725F0760E4C /* Frameworks */ = {
			isa = PBXGroup;
			children = (
				09F9065AF238C9EE9B6BA909 /* Pods_uParker_UIKit.framework */,
			);
			name = Frameworks;
			sourceTree = "<group>";
		};
/* End PBXGroup section */

/* Begin PBXNativeTarget section */
		80B933E92963EDE30050EA0C /* uParker-UIKit */ = {
			isa = PBXNativeTarget;
			buildConfigurationList = 80B933FE2963EDE40050EA0C /* Build configuration list for PBXNativeTarget "uParker-UIKit" */;
			buildPhases = (
				374F3312479F5F1814CD3907 /* [CP] Check Pods Manifest.lock */,
				80B933E62963EDE30050EA0C /* Sources */,
				80B933E72963EDE30050EA0C /* Frameworks */,
				80B933E82963EDE30050EA0C /* Resources */,
				B3FEC1694F19A9DA08F1A723 /* [CP] Embed Pods Frameworks */,
			);
			buildRules = (
			);
			dependencies = (
			);
			name = "uParker-UIKit";
			productName = "uParker-UIKit";
			productReference = 80B933EA2963EDE30050EA0C /* uParker-UIKit.app */;
			productType = "com.apple.product-type.application";
		};
/* End PBXNativeTarget section */

/* Begin PBXProject section */
		80B933E22963EDE30050EA0C /* Project object */ = {
			isa = PBXProject;
			attributes = {
				BuildIndependentTargetsInParallel = 1;
				LastSwiftUpdateCheck = 1410;
				LastUpgradeCheck = 1410;
				TargetAttributes = {
					80B933E92963EDE30050EA0C = {
						CreatedOnToolsVersion = 14.1;
					};
				};
			};
			buildConfigurationList = 80B933E52963EDE30050EA0C /* Build configuration list for PBXProject "uParker-UIKit" */;
			compatibilityVersion = "Xcode 14.0";
			developmentRegion = en;
			hasScannedForEncodings = 0;
			knownRegions = (
				en,
				Base,
			);
			mainGroup = 80B933E12963EDE30050EA0C;
			productRefGroup = 80B933EB2963EDE30050EA0C /* Products */;
			projectDirPath = "";
			projectRoot = "";
			targets = (
				80B933E92963EDE30050EA0C /* uParker-UIKit */,
			);
		};
/* End PBXProject section */

/* Begin PBXResourcesBuildPhase section */
		80B933E82963EDE30050EA0C /* Resources */ = {
			isa = PBXResourcesBuildPhase;
			buildActionMask = 2147483647;
			files = (
				80B933FA2963EDE40050EA0C /* LaunchScreen.storyboard in Resources */,
				80B933F72963EDE40050EA0C /* Assets.xcassets in Resources */,
				80B933F52963EDE30050EA0C /* Main.storyboard in Resources */,
			);
			runOnlyForDeploymentPostprocessing = 0;
		};
/* End PBXResourcesBuildPhase section */

/* Begin PBXShellScriptBuildPhase section */
		374F3312479F5F1814CD3907 /* [CP] Check Pods Manifest.lock */ = {
			isa = PBXShellScriptBuildPhase;
			buildActionMask = 2147483647;
			files = (
			);
			inputFileListPaths = (
			);
			inputPaths = (
				"${PODS_PODFILE_DIR_PATH}/Podfile.lock",
				"${PODS_ROOT}/Manifest.lock",
			);
			name = "[CP] Check Pods Manifest.lock";
			outputFileListPaths = (
			);
			outputPaths = (
				"$(DERIVED_FILE_DIR)/Pods-uParker-UIKit-checkManifestLockResult.txt",
			);
			runOnlyForDeploymentPostprocessing = 0;
			shellPath = /bin/sh;
			shellScript = "diff \"${PODS_PODFILE_DIR_PATH}/Podfile.lock\" \"${PODS_ROOT}/Manifest.lock\" > /dev/null\nif [ $? != 0 ] ; then\n    # print error to STDERR\n    echo \"error: The sandbox is not in sync with the Podfile.lock. Run 'pod install' or update your CocoaPods installation.\" >&2\n    exit 1\nfi\n# This output is used by Xcode 'outputs' to avoid re-running this script phase.\necho \"SUCCESS\" > \"${SCRIPT_OUTPUT_FILE_0}\"\n";
			showEnvVarsInLog = 0;
		};
		B3FEC1694F19A9DA08F1A723 /* [CP] Embed Pods Frameworks */ = {
			isa = PBXShellScriptBuildPhase;
			buildActionMask = 2147483647;
			files = (
			);
			inputFileListPaths = (
				"${PODS_ROOT}/Target Support Files/Pods-uParker-UIKit/Pods-uParker-UIKit-frameworks-${CONFIGURATION}-input-files.xcfilelist",
			);
			name = "[CP] Embed Pods Frameworks";
			outputFileListPaths = (
				"${PODS_ROOT}/Target Support Files/Pods-uParker-UIKit/Pods-uParker-UIKit-frameworks-${CONFIGURATION}-output-files.xcfilelist",
			);
			runOnlyForDeploymentPostprocessing = 0;
			shellPath = /bin/sh;
			shellScript = "\"${PODS_ROOT}/Target Support Files/Pods-uParker-UIKit/Pods-uParker-UIKit-frameworks.sh\"\n";
			showEnvVarsInLog = 0;
		};
/* End PBXShellScriptBuildPhase section */

/* Begin PBXSourcesBuildPhase section */
		80B933E62963EDE30050EA0C /* Sources */ = {
			isa = PBXSourcesBuildPhase;
			buildActionMask = 2147483647;
			files = (
				80B9340F2963F0F20050EA0C /* VehicleList.swift in Sources */,
				80B933F22963EDE30050EA0C /* ViewController.swift in Sources */,
				80B9340D2963F0F20050EA0C /* Environment.swift in Sources */,
				80B934122963F0F20050EA0C /* Reservation.swift in Sources */,
				80B9340B2963F0F20050EA0C /* Review.swift in Sources */,
				80B933EE2963EDE30050EA0C /* AppDelegate.swift in Sources */,
				80B934102963F0F20050EA0C /* User.swift in Sources */,
				80B933F02963EDE30050EA0C /* SceneDelegate.swift in Sources */,
				80B9340E2963F0F20050EA0C /* Spot.swift in Sources */,
				80B934112963F0F20050EA0C /* Vehicle.swift in Sources */,
				80B9340C2963F0F20050EA0C /* PaymentMethod.swift in Sources */,
			);
			runOnlyForDeploymentPostprocessing = 0;
		};
/* End PBXSourcesBuildPhase section */

/* Begin PBXVariantGroup section */
		80B933F32963EDE30050EA0C /* Main.storyboard */ = {
			isa = PBXVariantGroup;
			children = (
				80B933F42963EDE30050EA0C /* Base */,
			);
			name = Main.storyboard;
			sourceTree = "<group>";
		};
		80B933F82963EDE40050EA0C /* LaunchScreen.storyboard */ = {
			isa = PBXVariantGroup;
			children = (
				80B933F92963EDE40050EA0C /* Base */,
			);
			name = LaunchScreen.storyboard;
			sourceTree = "<group>";
		};
/* End PBXVariantGroup section */

/* Begin XCBuildConfiguration section */
		80B933FC2963EDE40050EA0C /* Debug */ = {
			isa = XCBuildConfiguration;
			buildSettings = {
				ALWAYS_SEARCH_USER_PATHS = NO;
				CLANG_ANALYZER_NONNULL = YES;
				CLANG_ANALYZER_NUMBER_OBJECT_CONVERSION = YES_AGGRESSIVE;
				CLANG_CXX_LANGUAGE_STANDARD = "gnu++20";
				CLANG_ENABLE_MODULES = YES;
				CLANG_ENABLE_OBJC_ARC = YES;
				CLANG_ENABLE_OBJC_WEAK = YES;
				CLANG_WARN_BLOCK_CAPTURE_AUTORELEASING = YES;
				CLANG_WARN_BOOL_CONVERSION = YES;
				CLANG_WARN_COMMA = YES;
				CLANG_WARN_CONSTANT_CONVERSION = YES;
				CLANG_WARN_DEPRECATED_OBJC_IMPLEMENTATIONS = YES;
				CLANG_WARN_DIRECT_OBJC_ISA_USAGE = YES_ERROR;
				CLANG_WARN_DOCUMENTATION_COMMENTS = YES;
				CLANG_WARN_EMPTY_BODY = YES;
				CLANG_WARN_ENUM_CONVERSION = YES;
				CLANG_WARN_INFINITE_RECURSION = YES;
				CLANG_WARN_INT_CONVERSION = YES;
				CLANG_WARN_NON_LITERAL_NULL_CONVERSION = YES;
				CLANG_WARN_OBJC_IMPLICIT_RETAIN_SELF = YES;
				CLANG_WARN_OBJC_LITERAL_CONVERSION = YES;
				CLANG_WARN_OBJC_ROOT_CLASS = YES_ERROR;
				CLANG_WARN_QUOTED_INCLUDE_IN_FRAMEWORK_HEADER = YES;
				CLANG_WARN_RANGE_LOOP_ANALYSIS = YES;
				CLANG_WARN_STRICT_PROTOTYPES = YES;
				CLANG_WARN_SUSPICIOUS_MOVE = YES;
				CLANG_WARN_UNGUARDED_AVAILABILITY = YES_AGGRESSIVE;
				CLANG_WARN_UNREACHABLE_CODE = YES;
				CLANG_WARN__DUPLICATE_METHOD_MATCH = YES;
				COPY_PHASE_STRIP = NO;
				DEBUG_INFORMATION_FORMAT = dwarf;
				ENABLE_STRICT_OBJC_MSGSEND = YES;
				ENABLE_TESTABILITY = YES;
				GCC_C_LANGUAGE_STANDARD = gnu11;
				GCC_DYNAMIC_NO_PIC = NO;
				GCC_NO_COMMON_BLOCKS = YES;
				GCC_OPTIMIZATION_LEVEL = 0;
				GCC_PREPROCESSOR_DEFINITIONS = (
					"DEBUG=1",
					"$(inherited)",
				);
				GCC_WARN_64_TO_32_BIT_CONVERSION = YES;
				GCC_WARN_ABOUT_RETURN_TYPE = YES_ERROR;
				GCC_WARN_UNDECLARED_SELECTOR = YES;
				GCC_WARN_UNINITIALIZED_AUTOS = YES_AGGRESSIVE;
				GCC_WARN_UNUSED_FUNCTION = YES;
				GCC_WARN_UNUSED_VARIABLE = YES;
				IPHONEOS_DEPLOYMENT_TARGET = 16.1;
				MTL_ENABLE_DEBUG_INFO = INCLUDE_SOURCE;
				MTL_FAST_MATH = YES;
				ONLY_ACTIVE_ARCH = YES;
				SDKROOT = iphoneos;
				SWIFT_ACTIVE_COMPILATION_CONDITIONS = DEBUG;
				SWIFT_OPTIMIZATION_LEVEL = "-Onone";
			};
			name = Debug;
		};
		80B933FD2963EDE40050EA0C /* Release */ = {
			isa = XCBuildConfiguration;
			buildSettings = {
				ALWAYS_SEARCH_USER_PATHS = NO;
				CLANG_ANALYZER_NONNULL = YES;
				CLANG_ANALYZER_NUMBER_OBJECT_CONVERSION = YES_AGGRESSIVE;
				CLANG_CXX_LANGUAGE_STANDARD = "gnu++20";
				CLANG_ENABLE_MODULES = YES;
				CLANG_ENABLE_OBJC_ARC = YES;
				CLANG_ENABLE_OBJC_WEAK = YES;
				CLANG_WARN_BLOCK_CAPTURE_AUTORELEASING = YES;
				CLANG_WARN_BOOL_CONVERSION = YES;
				CLANG_WARN_COMMA = YES;
				CLANG_WARN_CONSTANT_CONVERSION = YES;
				CLANG_WARN_DEPRECATED_OBJC_IMPLEMENTATIONS = YES;
				CLANG_WARN_DIRECT_OBJC_ISA_USAGE = YES_ERROR;
				CLANG_WARN_DOCUMENTATION_COMMENTS = YES;
				CLANG_WARN_EMPTY_BODY = YES;
				CLANG_WARN_ENUM_CONVERSION = YES;
				CLANG_WARN_INFINITE_RECURSION = YES;
				CLANG_WARN_INT_CONVERSION = YES;
				CLANG_WARN_NON_LITERAL_NULL_CONVERSION = YES;
				CLANG_WARN_OBJC_IMPLICIT_RETAIN_SELF = YES;
				CLANG_WARN_OBJC_LITERAL_CONVERSION = YES;
				CLANG_WARN_OBJC_ROOT_CLASS = YES_ERROR;
				CLANG_WARN_QUOTED_INCLUDE_IN_FRAMEWORK_HEADER = YES;
				CLANG_WARN_RANGE_LOOP_ANALYSIS = YES;
				CLANG_WARN_STRICT_PROTOTYPES = YES;
				CLANG_WARN_SUSPICIOUS_MOVE = YES;
				CLANG_WARN_UNGUARDED_AVAILABILITY = YES_AGGRESSIVE;
				CLANG_WARN_UNREACHABLE_CODE = YES;
				CLANG_WARN__DUPLICATE_METHOD_MATCH = YES;
				COPY_PHASE_STRIP = NO;
				DEBUG_INFORMATION_FORMAT = "dwarf-with-dsym";
				ENABLE_NS_ASSERTIONS = NO;
				ENABLE_STRICT_OBJC_MSGSEND = YES;
				GCC_C_LANGUAGE_STANDARD = gnu11;
				GCC_NO_COMMON_BLOCKS = YES;
				GCC_WARN_64_TO_32_BIT_CONVERSION = YES;
				GCC_WARN_ABOUT_RETURN_TYPE = YES_ERROR;
				GCC_WARN_UNDECLARED_SELECTOR = YES;
				GCC_WARN_UNINITIALIZED_AUTOS = YES_AGGRESSIVE;
				GCC_WARN_UNUSED_FUNCTION = YES;
				GCC_WARN_UNUSED_VARIABLE = YES;
				IPHONEOS_DEPLOYMENT_TARGET = 16.1;
				MTL_ENABLE_DEBUG_INFO = NO;
				MTL_FAST_MATH = YES;
				SDKROOT = iphoneos;
				SWIFT_COMPILATION_MODE = wholemodule;
				SWIFT_OPTIMIZATION_LEVEL = "-O";
				VALIDATE_PRODUCT = YES;
			};
			name = Release;
		};
		80B933FF2963EDE40050EA0C /* Debug */ = {
			isa = XCBuildConfiguration;
			baseConfigurationReference = BEDB4BCD8673EA786F95D02F /* Pods-uParker-UIKit.debug.xcconfig */;
			buildSettings = {
				ASSETCATALOG_COMPILER_APPICON_NAME = AppIcon;
				ASSETCATALOG_COMPILER_GLOBAL_ACCENT_COLOR_NAME = AccentColor;
				CODE_SIGN_STYLE = Automatic;
				CURRENT_PROJECT_VERSION = 1;
				DEVELOPMENT_TEAM = FV4ACN6AD6;
				GENERATE_INFOPLIST_FILE = YES;
				INFOPLIST_FILE = "uParker-UIKit/Info.plist";
				INFOPLIST_KEY_UIApplicationSupportsIndirectInputEvents = YES;
				INFOPLIST_KEY_UILaunchStoryboardName = LaunchScreen;
				INFOPLIST_KEY_UIMainStoryboardFile = Main;
				INFOPLIST_KEY_UISupportedInterfaceOrientations_iPad = "UIInterfaceOrientationPortrait UIInterfaceOrientationPortraitUpsideDown UIInterfaceOrientationLandscapeLeft UIInterfaceOrientationLandscapeRight";
				INFOPLIST_KEY_UISupportedInterfaceOrientations_iPhone = "UIInterfaceOrientationPortrait UIInterfaceOrientationLandscapeLeft UIInterfaceOrientationLandscapeRight";
				IPHONEOS_DEPLOYMENT_TARGET = 13.5;
				LD_RUNPATH_SEARCH_PATHS = (
					"$(inherited)",
					"@executable_path/Frameworks",
				);
				MARKETING_VERSION = 1.0;
				PRODUCT_BUNDLE_IDENTIFIER = "xavware.uParker-UIKit";
				PRODUCT_NAME = "$(TARGET_NAME)";
				SWIFT_EMIT_LOC_STRINGS = YES;
				SWIFT_VERSION = 5.0;
				TARGETED_DEVICE_FAMILY = "1,2";
			};
			name = Debug;
		};
		80B934002963EDE40050EA0C /* Release */ = {
			isa = XCBuildConfiguration;
			baseConfigurationReference = A32419873A8EA3131CC33BEB /* Pods-uParker-UIKit.release.xcconfig */;
			buildSettings = {
				ASSETCATALOG_COMPILER_APPICON_NAME = AppIcon;
				ASSETCATALOG_COMPILER_GLOBAL_ACCENT_COLOR_NAME = AccentColor;
				CODE_SIGN_STYLE = Automatic;
				CURRENT_PROJECT_VERSION = 1;
				DEVELOPMENT_TEAM = FV4ACN6AD6;
				GENERATE_INFOPLIST_FILE = YES;
				INFOPLIST_FILE = "uParker-UIKit/Info.plist";
				INFOPLIST_KEY_UIApplicationSupportsIndirectInputEvents = YES;
				INFOPLIST_KEY_UILaunchStoryboardName = LaunchScreen;
				INFOPLIST_KEY_UIMainStoryboardFile = Main;
				INFOPLIST_KEY_UISupportedInterfaceOrientations_iPad = "UIInterfaceOrientationPortrait UIInterfaceOrientationPortraitUpsideDown UIInterfaceOrientationLandscapeLeft UIInterfaceOrientationLandscapeRight";
				INFOPLIST_KEY_UISupportedInterfaceOrientations_iPhone = "UIInterfaceOrientationPortrait UIInterfaceOrientationLandscapeLeft UIInterfaceOrientationLandscapeRight";
				IPHONEOS_DEPLOYMENT_TARGET = 13.5;
				LD_RUNPATH_SEARCH_PATHS = (
					"$(inherited)",
					"@executable_path/Frameworks",
				);
				MARKETING_VERSION = 1.0;
				PRODUCT_BUNDLE_IDENTIFIER = "xavware.uParker-UIKit";
				PRODUCT_NAME = "$(TARGET_NAME)";
				SWIFT_EMIT_LOC_STRINGS = YES;
				SWIFT_VERSION = 5.0;
				TARGETED_DEVICE_FAMILY = "1,2";
			};
			name = Release;
		};
/* End XCBuildConfiguration section */

/* Begin XCConfigurationList section */
		80B933E52963EDE30050EA0C /* Build configuration list for PBXProject "uParker-UIKit" */ = {
			isa = XCConfigurationList;
			buildConfigurations = (
				80B933FC2963EDE40050EA0C /* Debug */,
				80B933FD2963EDE40050EA0C /* Release */,
			);
			defaultConfigurationIsVisible = 0;
			defaultConfigurationName = Release;
		};
		80B933FE2963EDE40050EA0C /* Build configuration list for PBXNativeTarget "uParker-UIKit" */ = {
			isa = XCConfigurationList;
			buildConfigurations = (
				80B933FF2963EDE40050EA0C /* Debug */,
				80B934002963EDE40050EA0C /* Release */,
			);
			defaultConfigurationIsVisible = 0;
			defaultConfigurationName = Release;
		};
/* End XCConfigurationList section */
	};
	rootObject = 80B933E22963EDE30050EA0C /* Project object */;
}
