// !$*UTF8*$!
{
	archiveVersion = 1;
	classes = {
	};
	objectVersion = 56;
	objects = {

/* Begin PBXBuildFile section */
		492115918E759CC3FA5601AF /* Pods_uParker_UIKit.framework in Frameworks */ = {isa = PBXBuildFile; fileRef = 2B221D2A3467481B3FCE68E6 /* Pods_uParker_UIKit.framework */; };
		80B933EE2963EDE30050EA0C /* AppDelegate.swift in Sources */ = {isa = PBXBuildFile; fileRef = 80B933ED2963EDE30050EA0C /* AppDelegate.swift */; };
		80B933F02963EDE30050EA0C /* SceneDelegate.swift in Sources */ = {isa = PBXBuildFile; fileRef = 80B933EF2963EDE30050EA0C /* SceneDelegate.swift */; };
		80B933F22963EDE30050EA0C /* ViewController.swift in Sources */ = {isa = PBXBuildFile; fileRef = 80B933F12963EDE30050EA0C /* ViewController.swift */; };
		80B933F72963EDE40050EA0C /* Assets.xcassets in Resources */ = {isa = PBXBuildFile; fileRef = 80B933F62963EDE40050EA0C /* Assets.xcassets */; };
		80B9340B2963F0F20050EA0C /* Review.swift in Sources */ = {isa = PBXBuildFile; fileRef = 80B934032963F0F20050EA0C /* Review.swift */; };
		80B9340C2963F0F20050EA0C /* PaymentMethod.swift in Sources */ = {isa = PBXBuildFile; fileRef = 80B934042963F0F20050EA0C /* PaymentMethod.swift */; };
		80B9340D2963F0F20050EA0C /* Environment.swift in Sources */ = {isa = PBXBuildFile; fileRef = 80B934052963F0F20050EA0C /* Environment.swift */; };
		80B9340E2963F0F20050EA0C /* Spot.swift in Sources */ = {isa = PBXBuildFile; fileRef = 80B934062963F0F20050EA0C /* Spot.swift */; };
		80B9340F2963F0F20050EA0C /* VehicleList.swift in Sources */ = {isa = PBXBuildFile; fileRef = 80B934072963F0F20050EA0C /* VehicleList.swift */; };
		80B934102963F0F20050EA0C /* User.swift in Sources */ = {isa = PBXBuildFile; fileRef = 80B934082963F0F20050EA0C /* User.swift */; };
		80B934112963F0F20050EA0C /* Vehicle.swift in Sources */ = {isa = PBXBuildFile; fileRef = 80B934092963F0F20050EA0C /* Vehicle.swift */; };
		80B934122963F0F20050EA0C /* Reservation.swift in Sources */ = {isa = PBXBuildFile; fileRef = 80B9340A2963F0F20050EA0C /* Reservation.swift */; };
		80B934182963F2100050EA0C /* Dev. Documents in Resources */ = {isa = PBXBuildFile; fileRef = 80B934142963F2100050EA0C /* Dev. Documents */; };
		80B934192963F2100050EA0C /* Constants.swift in Sources */ = {isa = PBXBuildFile; fileRef = 80B934152963F2100050EA0C /* Constants.swift */; };
		80B9341A2963F2100050EA0C /* Extensions.swift in Sources */ = {isa = PBXBuildFile; fileRef = 80B934162963F2100050EA0C /* Extensions.swift */; };
		80B9341B2963F2100050EA0C /* Unused Code in Resources */ = {isa = PBXBuildFile; fileRef = 80B934172963F2100050EA0C /* Unused Code */; };
		80B9341F2963F2B90050EA0C /* LaunchScreen.storyboard in Resources */ = {isa = PBXBuildFile; fileRef = 80B9341E2963F2B90050EA0C /* LaunchScreen.storyboard */; };
		80B934222963FCD40050EA0C /* MapboxMaps in Frameworks */ = {isa = PBXBuildFile; productRef = 80B934212963FCD40050EA0C /* MapboxMaps */; };
		80B934262963FF5D0050EA0C /* CreateAccountVC.swift in Sources */ = {isa = PBXBuildFile; fileRef = 80B934232963FF5D0050EA0C /* CreateAccountVC.swift */; };
		80B934272963FF5D0050EA0C /* FirstVC.swift in Sources */ = {isa = PBXBuildFile; fileRef = 80B934242963FF5D0050EA0C /* FirstVC.swift */; };
		80B934282963FF5D0050EA0C /* LoginVC.swift in Sources */ = {isa = PBXBuildFile; fileRef = 80B934252963FF5D0050EA0C /* LoginVC.swift */; };
		80B9342D2963FFD20050EA0C /* RoundButton.swift in Sources */ = {isa = PBXBuildFile; fileRef = 80B9342A2963FFD10050EA0C /* RoundButton.swift */; };
		80B9342E2963FFD20050EA0C /* UnderlinedTextField.swift in Sources */ = {isa = PBXBuildFile; fileRef = 80B9342B2963FFD10050EA0C /* UnderlinedTextField.swift */; };
		80B9342F2963FFD20050EA0C /* CircularProgressView.swift in Sources */ = {isa = PBXBuildFile; fileRef = 80B9342C2963FFD10050EA0C /* CircularProgressView.swift */; };
		80B934342963FFEA0050EA0C /* MenuButtonTableViewCell.xib in Resources */ = {isa = PBXBuildFile; fileRef = 80B934302963FFEA0050EA0C /* MenuButtonTableViewCell.xib */; };
		80B934352963FFEA0050EA0C /* MenuButtonTableViewCell.swift in Sources */ = {isa = PBXBuildFile; fileRef = 80B934312963FFEA0050EA0C /* MenuButtonTableViewCell.swift */; };
		80B934362963FFEA0050EA0C /* MenuProfileTableViewCell.swift in Sources */ = {isa = PBXBuildFile; fileRef = 80B934322963FFEA0050EA0C /* MenuProfileTableViewCell.swift */; };
		80B934372963FFEA0050EA0C /* MenuProfileTableViewCell.xib in Resources */ = {isa = PBXBuildFile; fileRef = 80B934332963FFEA0050EA0C /* MenuProfileTableViewCell.xib */; };
		80B9343D296400BA0050EA0C /* ColorPickerView.swift in Sources */ = {isa = PBXBuildFile; fileRef = 80B9343A296400BA0050EA0C /* ColorPickerView.swift */; };
		80B9343E296400BA0050EA0C /* ExpirationPickerView.swift in Sources */ = {isa = PBXBuildFile; fileRef = 80B9343B296400BA0050EA0C /* ExpirationPickerView.swift */; };
		80B9343F296400BA0050EA0C /* VehiclePickerView.swift in Sources */ = {isa = PBXBuildFile; fileRef = 80B9343C296400BA0050EA0C /* VehiclePickerView.swift */; };
		80B93450296401700050EA0C /* ReviewListVC.swift in Sources */ = {isa = PBXBuildFile; fileRef = 80B934422964016F0050EA0C /* ReviewListVC.swift */; };
		80B93451296401700050EA0C /* PaymentMethodsVC.swift in Sources */ = {isa = PBXBuildFile; fileRef = 80B934432964016F0050EA0C /* PaymentMethodsVC.swift */; };
		80B93452296401700050EA0C /* SearchVC.swift in Sources */ = {isa = PBXBuildFile; fileRef = 80B93444296401700050EA0C /* SearchVC.swift */; };
		80B93453296401700050EA0C /* ForgotPasswordVC.swift in Sources */ = {isa = PBXBuildFile; fileRef = 80B93445296401700050EA0C /* ForgotPasswordVC.swift */; };
		80B93454296401700050EA0C /* HomepageVC.swift in Sources */ = {isa = PBXBuildFile; fileRef = 80B93446296401700050EA0C /* HomepageVC.swift */; };
		80B93455296401700050EA0C /* FiltersTVC.swift in Sources */ = {isa = PBXBuildFile; fileRef = 80B93447296401700050EA0C /* FiltersTVC.swift */; };
		80B93456296401700050EA0C /* ReservationsVC.swift in Sources */ = {isa = PBXBuildFile; fileRef = 80B93448296401700050EA0C /* ReservationsVC.swift */; };
		80B93457296401700050EA0C /* MapVC.swift in Sources */ = {isa = PBXBuildFile; fileRef = 80B93449296401700050EA0C /* MapVC.swift */; };
		80B93458296401700050EA0C /* YourVehiclesVC.swift in Sources */ = {isa = PBXBuildFile; fileRef = 80B9344A296401700050EA0C /* YourVehiclesVC.swift */; };
		80B93459296401700050EA0C /* AddVehicleVC.swift in Sources */ = {isa = PBXBuildFile; fileRef = 80B9344B296401700050EA0C /* AddVehicleVC.swift */; };
		80B9345A296401700050EA0C /* ConfirmationVC.swift in Sources */ = {isa = PBXBuildFile; fileRef = 80B9344C296401700050EA0C /* ConfirmationVC.swift */; };
		80B9345B296401700050EA0C /* AddPaymentMethodVC.swift in Sources */ = {isa = PBXBuildFile; fileRef = 80B9344D296401700050EA0C /* AddPaymentMethodVC.swift */; };
		80B9345C296401700050EA0C /* MenuTVC.swift in Sources */ = {isa = PBXBuildFile; fileRef = 80B9344E296401700050EA0C /* MenuTVC.swift */; };
		80B9345D296401700050EA0C /* SpotVC.swift in Sources */ = {isa = PBXBuildFile; fileRef = 80B9344F296401700050EA0C /* SpotVC.swift */; };
		80B93461296403330050EA0C /* ReviewListCollectionViewCell.xib in Resources */ = {isa = PBXBuildFile; fileRef = 80B9345E296403330050EA0C /* ReviewListCollectionViewCell.xib */; };
		80B93462296403330050EA0C /* ReviewListCollectionViewCell.swift in Sources */ = {isa = PBXBuildFile; fileRef = 80B9345F296403330050EA0C /* ReviewListCollectionViewCell.swift */; };
		80B93463296403330050EA0C /* ReviewListCollectionView.swift in Sources */ = {isa = PBXBuildFile; fileRef = 80B93460296403330050EA0C /* ReviewListCollectionView.swift */; };
		80B934672964033D0050EA0C /* ReviewCardCollectionViewCell.swift in Sources */ = {isa = PBXBuildFile; fileRef = 80B934642964033D0050EA0C /* ReviewCardCollectionViewCell.swift */; };
		80B934682964033D0050EA0C /* ReviewCardCollectionView.swift in Sources */ = {isa = PBXBuildFile; fileRef = 80B934652964033D0050EA0C /* ReviewCardCollectionView.swift */; };
		80B934692964033D0050EA0C /* ReviewCardCollectionViewCell.xib in Resources */ = {isa = PBXBuildFile; fileRef = 80B934662964033D0050EA0C /* ReviewCardCollectionViewCell.xib */; };
		80B9346D2964034A0050EA0C /* SpotListCollectionView.swift in Sources */ = {isa = PBXBuildFile; fileRef = 80B9346A2964034A0050EA0C /* SpotListCollectionView.swift */; };
		80B9346E2964034A0050EA0C /* SpotListCollectionViewCell.swift in Sources */ = {isa = PBXBuildFile; fileRef = 80B9346B2964034A0050EA0C /* SpotListCollectionViewCell.swift */; };
		80B9346F2964034A0050EA0C /* SpotListCollectionViewCell.xib in Resources */ = {isa = PBXBuildFile; fileRef = 80B9346C2964034A0050EA0C /* SpotListCollectionViewCell.xib */; };
		80B93476296403A90050EA0C /* SpotCollectionViewCell.xib in Resources */ = {isa = PBXBuildFile; fileRef = 80B93473296403A90050EA0C /* SpotCollectionViewCell.xib */; };
		80B93477296403A90050EA0C /* SpotCardCollectionView.swift in Sources */ = {isa = PBXBuildFile; fileRef = 80B93474296403A90050EA0C /* SpotCardCollectionView.swift */; };
		80B93478296403A90050EA0C /* SpotCardCollectionViewCell.swift in Sources */ = {isa = PBXBuildFile; fileRef = 80B93475296403A90050EA0C /* SpotCardCollectionViewCell.swift */; };
		80B9347C296403BA0050EA0C /* SpotImageCollectionCell.xib in Resources */ = {isa = PBXBuildFile; fileRef = 80B93479296403BA0050EA0C /* SpotImageCollectionCell.xib */; };
		80B9347D296403BA0050EA0C /* SpotImageCollectionView.swift in Sources */ = {isa = PBXBuildFile; fileRef = 80B9347A296403BA0050EA0C /* SpotImageCollectionView.swift */; };
		80B9347E296403BA0050EA0C /* SpotImageCollectionCell.swift in Sources */ = {isa = PBXBuildFile; fileRef = 80B9347B296403BA0050EA0C /* SpotImageCollectionCell.swift */; };
		80B93488296404210050EA0C /* DirectionsVC.swift in Sources */ = {isa = PBXBuildFile; fileRef = 80B93481296404210050EA0C /* DirectionsVC.swift */; };
		80B93489296404210050EA0C /* PriceRangeSlider.swift in Sources */ = {isa = PBXBuildFile; fileRef = 80B93482296404210050EA0C /* PriceRangeSlider.swift */; };
		80B9348A296404210050EA0C /* SuggestedDestinationCollectionViewCell.swift in Sources */ = {isa = PBXBuildFile; fileRef = 80B93483296404210050EA0C /* SuggestedDestinationCollectionViewCell.swift */; };
		80B9348B296404210050EA0C /* SuggestedDestinationCollectionViewCell.xib in Resources */ = {isa = PBXBuildFile; fileRef = 80B93484296404210050EA0C /* SuggestedDestinationCollectionViewCell.xib */; };
		80B9348C296404210050EA0C /* SpotAnnotationView.swift in Sources */ = {isa = PBXBuildFile; fileRef = 80B93485296404210050EA0C /* SpotAnnotationView.swift */; };
		80B9348D296404210050EA0C /* FirstTimeView.swift in Sources */ = {isa = PBXBuildFile; fileRef = 80B93486296404210050EA0C /* FirstTimeView.swift */; };
		80B9348E296404210050EA0C /* TableHeaderView.swift in Sources */ = {isa = PBXBuildFile; fileRef = 80B93487296404210050EA0C /* TableHeaderView.swift */; };
		80B934902964089C0050EA0C /* Main.storyboard in Resources */ = {isa = PBXBuildFile; fileRef = 80B9348F2964089C0050EA0C /* Main.storyboard */; };
/* End PBXBuildFile section */

/* Begin PBXFileReference section */
		2B221D2A3467481B3FCE68E6 /* Pods_uParker_UIKit.framework */ = {isa = PBXFileReference; explicitFileType = wrapper.framework; includeInIndex = 0; path = Pods_uParker_UIKit.framework; sourceTree = BUILT_PRODUCTS_DIR; };
		80B933EA2963EDE30050EA0C /* uParker-UIKit.app */ = {isa = PBXFileReference; explicitFileType = wrapper.application; includeInIndex = 0; path = "uParker-UIKit.app"; sourceTree = BUILT_PRODUCTS_DIR; };
		80B933ED2963EDE30050EA0C /* AppDelegate.swift */ = {isa = PBXFileReference; lastKnownFileType = sourcecode.swift; path = AppDelegate.swift; sourceTree = "<group>"; };
		80B933EF2963EDE30050EA0C /* SceneDelegate.swift */ = {isa = PBXFileReference; lastKnownFileType = sourcecode.swift; path = SceneDelegate.swift; sourceTree = "<group>"; };
		80B933F12963EDE30050EA0C /* ViewController.swift */ = {isa = PBXFileReference; lastKnownFileType = sourcecode.swift; path = ViewController.swift; sourceTree = "<group>"; };
		80B933F62963EDE40050EA0C /* Assets.xcassets */ = {isa = PBXFileReference; lastKnownFileType = folder.assetcatalog; path = Assets.xcassets; sourceTree = "<group>"; };
		80B933FB2963EDE40050EA0C /* Info.plist */ = {isa = PBXFileReference; lastKnownFileType = text.plist.xml; path = Info.plist; sourceTree = "<group>"; };
		80B934032963F0F20050EA0C /* Review.swift */ = {isa = PBXFileReference; fileEncoding = 4; lastKnownFileType = sourcecode.swift; path = Review.swift; sourceTree = "<group>"; };
		80B934042963F0F20050EA0C /* PaymentMethod.swift */ = {isa = PBXFileReference; fileEncoding = 4; lastKnownFileType = sourcecode.swift; path = PaymentMethod.swift; sourceTree = "<group>"; };
		80B934052963F0F20050EA0C /* Environment.swift */ = {isa = PBXFileReference; fileEncoding = 4; lastKnownFileType = sourcecode.swift; path = Environment.swift; sourceTree = "<group>"; };
		80B934062963F0F20050EA0C /* Spot.swift */ = {isa = PBXFileReference; fileEncoding = 4; lastKnownFileType = sourcecode.swift; path = Spot.swift; sourceTree = "<group>"; };
		80B934072963F0F20050EA0C /* VehicleList.swift */ = {isa = PBXFileReference; fileEncoding = 4; lastKnownFileType = sourcecode.swift; path = VehicleList.swift; sourceTree = "<group>"; };
		80B934082963F0F20050EA0C /* User.swift */ = {isa = PBXFileReference; fileEncoding = 4; lastKnownFileType = sourcecode.swift; path = User.swift; sourceTree = "<group>"; };
		80B934092963F0F20050EA0C /* Vehicle.swift */ = {isa = PBXFileReference; fileEncoding = 4; lastKnownFileType = sourcecode.swift; path = Vehicle.swift; sourceTree = "<group>"; };
		80B9340A2963F0F20050EA0C /* Reservation.swift */ = {isa = PBXFileReference; fileEncoding = 4; lastKnownFileType = sourcecode.swift; path = Reservation.swift; sourceTree = "<group>"; };
		80B934142963F2100050EA0C /* Dev. Documents */ = {isa = PBXFileReference; fileEncoding = 4; lastKnownFileType = text; path = "Dev. Documents"; sourceTree = "<group>"; };
		80B934152963F2100050EA0C /* Constants.swift */ = {isa = PBXFileReference; fileEncoding = 4; lastKnownFileType = sourcecode.swift; path = Constants.swift; sourceTree = "<group>"; };
		80B934162963F2100050EA0C /* Extensions.swift */ = {isa = PBXFileReference; fileEncoding = 4; lastKnownFileType = sourcecode.swift; path = Extensions.swift; sourceTree = "<group>"; };
		80B934172963F2100050EA0C /* Unused Code */ = {isa = PBXFileReference; fileEncoding = 4; lastKnownFileType = text; path = "Unused Code"; sourceTree = "<group>"; };
		80B9341E2963F2B90050EA0C /* LaunchScreen.storyboard */ = {isa = PBXFileReference; fileEncoding = 4; lastKnownFileType = file.storyboard; path = LaunchScreen.storyboard; sourceTree = "<group>"; };
		80B934232963FF5D0050EA0C /* CreateAccountVC.swift */ = {isa = PBXFileReference; fileEncoding = 4; lastKnownFileType = sourcecode.swift; path = CreateAccountVC.swift; sourceTree = "<group>"; };
		80B934242963FF5D0050EA0C /* FirstVC.swift */ = {isa = PBXFileReference; fileEncoding = 4; lastKnownFileType = sourcecode.swift; path = FirstVC.swift; sourceTree = "<group>"; };
		80B934252963FF5D0050EA0C /* LoginVC.swift */ = {isa = PBXFileReference; fileEncoding = 4; lastKnownFileType = sourcecode.swift; path = LoginVC.swift; sourceTree = "<group>"; };
		80B9342A2963FFD10050EA0C /* RoundButton.swift */ = {isa = PBXFileReference; fileEncoding = 4; lastKnownFileType = sourcecode.swift; path = RoundButton.swift; sourceTree = "<group>"; };
		80B9342B2963FFD10050EA0C /* UnderlinedTextField.swift */ = {isa = PBXFileReference; fileEncoding = 4; lastKnownFileType = sourcecode.swift; path = UnderlinedTextField.swift; sourceTree = "<group>"; };
		80B9342C2963FFD10050EA0C /* CircularProgressView.swift */ = {isa = PBXFileReference; fileEncoding = 4; lastKnownFileType = sourcecode.swift; path = CircularProgressView.swift; sourceTree = "<group>"; };
		80B934302963FFEA0050EA0C /* MenuButtonTableViewCell.xib */ = {isa = PBXFileReference; fileEncoding = 4; lastKnownFileType = file.xib; path = MenuButtonTableViewCell.xib; sourceTree = "<group>"; };
		80B934312963FFEA0050EA0C /* MenuButtonTableViewCell.swift */ = {isa = PBXFileReference; fileEncoding = 4; lastKnownFileType = sourcecode.swift; path = MenuButtonTableViewCell.swift; sourceTree = "<group>"; };
		80B934322963FFEA0050EA0C /* MenuProfileTableViewCell.swift */ = {isa = PBXFileReference; fileEncoding = 4; lastKnownFileType = sourcecode.swift; path = MenuProfileTableViewCell.swift; sourceTree = "<group>"; };
		80B934332963FFEA0050EA0C /* MenuProfileTableViewCell.xib */ = {isa = PBXFileReference; fileEncoding = 4; lastKnownFileType = file.xib; path = MenuProfileTableViewCell.xib; sourceTree = "<group>"; };
		80B9343A296400BA0050EA0C /* ColorPickerView.swift */ = {isa = PBXFileReference; fileEncoding = 4; lastKnownFileType = sourcecode.swift; path = ColorPickerView.swift; sourceTree = "<group>"; };
		80B9343B296400BA0050EA0C /* ExpirationPickerView.swift */ = {isa = PBXFileReference; fileEncoding = 4; lastKnownFileType = sourcecode.swift; path = ExpirationPickerView.swift; sourceTree = "<group>"; };
		80B9343C296400BA0050EA0C /* VehiclePickerView.swift */ = {isa = PBXFileReference; fileEncoding = 4; lastKnownFileType = sourcecode.swift; path = VehiclePickerView.swift; sourceTree = "<group>"; };
		80B934422964016F0050EA0C /* ReviewListVC.swift */ = {isa = PBXFileReference; fileEncoding = 4; lastKnownFileType = sourcecode.swift; path = ReviewListVC.swift; sourceTree = "<group>"; };
		80B934432964016F0050EA0C /* PaymentMethodsVC.swift */ = {isa = PBXFileReference; fileEncoding = 4; lastKnownFileType = sourcecode.swift; path = PaymentMethodsVC.swift; sourceTree = "<group>"; };
		80B93444296401700050EA0C /* SearchVC.swift */ = {isa = PBXFileReference; fileEncoding = 4; lastKnownFileType = sourcecode.swift; path = SearchVC.swift; sourceTree = "<group>"; };
		80B93445296401700050EA0C /* ForgotPasswordVC.swift */ = {isa = PBXFileReference; fileEncoding = 4; lastKnownFileType = sourcecode.swift; path = ForgotPasswordVC.swift; sourceTree = "<group>"; };
		80B93446296401700050EA0C /* HomepageVC.swift */ = {isa = PBXFileReference; fileEncoding = 4; lastKnownFileType = sourcecode.swift; path = HomepageVC.swift; sourceTree = "<group>"; };
		80B93447296401700050EA0C /* FiltersTVC.swift */ = {isa = PBXFileReference; fileEncoding = 4; lastKnownFileType = sourcecode.swift; path = FiltersTVC.swift; sourceTree = "<group>"; };
		80B93448296401700050EA0C /* ReservationsVC.swift */ = {isa = PBXFileReference; fileEncoding = 4; lastKnownFileType = sourcecode.swift; path = ReservationsVC.swift; sourceTree = "<group>"; };
		80B93449296401700050EA0C /* MapVC.swift */ = {isa = PBXFileReference; fileEncoding = 4; lastKnownFileType = sourcecode.swift; path = MapVC.swift; sourceTree = "<group>"; };
		80B9344A296401700050EA0C /* YourVehiclesVC.swift */ = {isa = PBXFileReference; fileEncoding = 4; lastKnownFileType = sourcecode.swift; path = YourVehiclesVC.swift; sourceTree = "<group>"; };
		80B9344B296401700050EA0C /* AddVehicleVC.swift */ = {isa = PBXFileReference; fileEncoding = 4; lastKnownFileType = sourcecode.swift; path = AddVehicleVC.swift; sourceTree = "<group>"; };
		80B9344C296401700050EA0C /* ConfirmationVC.swift */ = {isa = PBXFileReference; fileEncoding = 4; lastKnownFileType = sourcecode.swift; path = ConfirmationVC.swift; sourceTree = "<group>"; };
		80B9344D296401700050EA0C /* AddPaymentMethodVC.swift */ = {isa = PBXFileReference; fileEncoding = 4; lastKnownFileType = sourcecode.swift; path = AddPaymentMethodVC.swift; sourceTree = "<group>"; };
		80B9344E296401700050EA0C /* MenuTVC.swift */ = {isa = PBXFileReference; fileEncoding = 4; lastKnownFileType = sourcecode.swift; path = MenuTVC.swift; sourceTree = "<group>"; };
		80B9344F296401700050EA0C /* SpotVC.swift */ = {isa = PBXFileReference; fileEncoding = 4; lastKnownFileType = sourcecode.swift; path = SpotVC.swift; sourceTree = "<group>"; };
		80B9345E296403330050EA0C /* ReviewListCollectionViewCell.xib */ = {isa = PBXFileReference; fileEncoding = 4; lastKnownFileType = file.xib; path = ReviewListCollectionViewCell.xib; sourceTree = "<group>"; };
		80B9345F296403330050EA0C /* ReviewListCollectionViewCell.swift */ = {isa = PBXFileReference; fileEncoding = 4; lastKnownFileType = sourcecode.swift; path = ReviewListCollectionViewCell.swift; sourceTree = "<group>"; };
		80B93460296403330050EA0C /* ReviewListCollectionView.swift */ = {isa = PBXFileReference; fileEncoding = 4; lastKnownFileType = sourcecode.swift; path = ReviewListCollectionView.swift; sourceTree = "<group>"; };
		80B934642964033D0050EA0C /* ReviewCardCollectionViewCell.swift */ = {isa = PBXFileReference; fileEncoding = 4; lastKnownFileType = sourcecode.swift; path = ReviewCardCollectionViewCell.swift; sourceTree = "<group>"; };
		80B934652964033D0050EA0C /* ReviewCardCollectionView.swift */ = {isa = PBXFileReference; fileEncoding = 4; lastKnownFileType = sourcecode.swift; path = ReviewCardCollectionView.swift; sourceTree = "<group>"; };
		80B934662964033D0050EA0C /* ReviewCardCollectionViewCell.xib */ = {isa = PBXFileReference; fileEncoding = 4; lastKnownFileType = file.xib; path = ReviewCardCollectionViewCell.xib; sourceTree = "<group>"; };
		80B9346A2964034A0050EA0C /* SpotListCollectionView.swift */ = {isa = PBXFileReference; fileEncoding = 4; lastKnownFileType = sourcecode.swift; path = SpotListCollectionView.swift; sourceTree = "<group>"; };
		80B9346B2964034A0050EA0C /* SpotListCollectionViewCell.swift */ = {isa = PBXFileReference; fileEncoding = 4; lastKnownFileType = sourcecode.swift; path = SpotListCollectionViewCell.swift; sourceTree = "<group>"; };
		80B9346C2964034A0050EA0C /* SpotListCollectionViewCell.xib */ = {isa = PBXFileReference; fileEncoding = 4; lastKnownFileType = file.xib; path = SpotListCollectionViewCell.xib; sourceTree = "<group>"; };
		80B93473296403A90050EA0C /* SpotCollectionViewCell.xib */ = {isa = PBXFileReference; fileEncoding = 4; lastKnownFileType = file.xib; path = SpotCollectionViewCell.xib; sourceTree = "<group>"; };
		80B93474296403A90050EA0C /* SpotCardCollectionView.swift */ = {isa = PBXFileReference; fileEncoding = 4; lastKnownFileType = sourcecode.swift; path = SpotCardCollectionView.swift; sourceTree = "<group>"; };
		80B93475296403A90050EA0C /* SpotCardCollectionViewCell.swift */ = {isa = PBXFileReference; fileEncoding = 4; lastKnownFileType = sourcecode.swift; path = SpotCardCollectionViewCell.swift; sourceTree = "<group>"; };
		80B93479296403BA0050EA0C /* SpotImageCollectionCell.xib */ = {isa = PBXFileReference; fileEncoding = 4; lastKnownFileType = file.xib; path = SpotImageCollectionCell.xib; sourceTree = "<group>"; };
		80B9347A296403BA0050EA0C /* SpotImageCollectionView.swift */ = {isa = PBXFileReference; fileEncoding = 4; lastKnownFileType = sourcecode.swift; path = SpotImageCollectionView.swift; sourceTree = "<group>"; };
		80B9347B296403BA0050EA0C /* SpotImageCollectionCell.swift */ = {isa = PBXFileReference; fileEncoding = 4; lastKnownFileType = sourcecode.swift; path = SpotImageCollectionCell.swift; sourceTree = "<group>"; };
		80B93481296404210050EA0C /* DirectionsVC.swift */ = {isa = PBXFileReference; fileEncoding = 4; lastKnownFileType = sourcecode.swift; path = DirectionsVC.swift; sourceTree = "<group>"; };
		80B93482296404210050EA0C /* PriceRangeSlider.swift */ = {isa = PBXFileReference; fileEncoding = 4; lastKnownFileType = sourcecode.swift; path = PriceRangeSlider.swift; sourceTree = "<group>"; };
		80B93483296404210050EA0C /* SuggestedDestinationCollectionViewCell.swift */ = {isa = PBXFileReference; fileEncoding = 4; lastKnownFileType = sourcecode.swift; path = SuggestedDestinationCollectionViewCell.swift; sourceTree = "<group>"; };
		80B93484296404210050EA0C /* SuggestedDestinationCollectionViewCell.xib */ = {isa = PBXFileReference; fileEncoding = 4; lastKnownFileType = file.xib; path = SuggestedDestinationCollectionViewCell.xib; sourceTree = "<group>"; };
		80B93485296404210050EA0C /* SpotAnnotationView.swift */ = {isa = PBXFileReference; fileEncoding = 4; lastKnownFileType = sourcecode.swift; path = SpotAnnotationView.swift; sourceTree = "<group>"; };
		80B93486296404210050EA0C /* FirstTimeView.swift */ = {isa = PBXFileReference; fileEncoding = 4; lastKnownFileType = sourcecode.swift; path = FirstTimeView.swift; sourceTree = "<group>"; };
		80B93487296404210050EA0C /* TableHeaderView.swift */ = {isa = PBXFileReference; fileEncoding = 4; lastKnownFileType = sourcecode.swift; path = TableHeaderView.swift; sourceTree = "<group>"; };
		80B9348F2964089C0050EA0C /* Main.storyboard */ = {isa = PBXFileReference; fileEncoding = 4; lastKnownFileType = file.storyboard; path = Main.storyboard; sourceTree = "<group>"; };
		A236536517C009ADE3188E03 /* Pods-uParker-UIKit.debug.xcconfig */ = {isa = PBXFileReference; includeInIndex = 1; lastKnownFileType = text.xcconfig; name = "Pods-uParker-UIKit.debug.xcconfig"; path = "Target Support Files/Pods-uParker-UIKit/Pods-uParker-UIKit.debug.xcconfig"; sourceTree = "<group>"; };
		BA5C23B4E6A6C99B35ED1AD7 /* Pods-uParker-UIKit.release.xcconfig */ = {isa = PBXFileReference; includeInIndex = 1; lastKnownFileType = text.xcconfig; name = "Pods-uParker-UIKit.release.xcconfig"; path = "Target Support Files/Pods-uParker-UIKit/Pods-uParker-UIKit.release.xcconfig"; sourceTree = "<group>"; };
/* End PBXFileReference section */

/* Begin PBXFrameworksBuildPhase section */
		80B933E72963EDE30050EA0C /* Frameworks */ = {
			isa = PBXFrameworksBuildPhase;
			buildActionMask = 2147483647;
			files = (
				80B934222963FCD40050EA0C /* MapboxMaps in Frameworks */,
				492115918E759CC3FA5601AF /* Pods_uParker_UIKit.framework in Frameworks */,
			);
			runOnlyForDeploymentPostprocessing = 0;
		};
/* End PBXFrameworksBuildPhase section */

/* Begin PBXGroup section */
		0145A19A97977B5698EE4D2B /* Pods */ = {
			isa = PBXGroup;
			children = (
				A236536517C009ADE3188E03 /* Pods-uParker-UIKit.debug.xcconfig */,
				BA5C23B4E6A6C99B35ED1AD7 /* Pods-uParker-UIKit.release.xcconfig */,
			);
			path = Pods;
			sourceTree = "<group>";
		};
		5BFF7D65E3CE4C9EF316EE45 /* Frameworks */ = {
			isa = PBXGroup;
			children = (
				2B221D2A3467481B3FCE68E6 /* Pods_uParker_UIKit.framework */,
			);
			name = Frameworks;
			sourceTree = "<group>";
		};
		80B933E12963EDE30050EA0C = {
			isa = PBXGroup;
			children = (
				80B933EC2963EDE30050EA0C /* uParker-UIKit */,
				80B933EB2963EDE30050EA0C /* Products */,
				0145A19A97977B5698EE4D2B /* Pods */,
				5BFF7D65E3CE4C9EF316EE45 /* Frameworks */,
			);
			sourceTree = "<group>";
		};
		80B933EB2963EDE30050EA0C /* Products */ = {
			isa = PBXGroup;
			children = (
				80B933EA2963EDE30050EA0C /* uParker-UIKit.app */,
			);
			name = Products;
			sourceTree = "<group>";
		};
		80B933EC2963EDE30050EA0C /* uParker-UIKit */ = {
			isa = PBXGroup;
			children = (
				80B933FB2963EDE40050EA0C /* Info.plist */,
				80B9341D2963F2240050EA0C /* App */,
				80B93441296401100050EA0C /* Views */,
				80B934292963FF880050EA0C /* Controllers */,
				80B9341C2963F2180050EA0C /* Documentation */,
				80B933F12963EDE30050EA0C /* ViewController.swift */,
				80B934132963F0F70050EA0C /* Model */,
				80B9348F2964089C0050EA0C /* Main.storyboard */,
				80B933F62963EDE40050EA0C /* Assets.xcassets */,
				80B9341E2963F2B90050EA0C /* LaunchScreen.storyboard */,
			);
			path = "uParker-UIKit";
			sourceTree = "<group>";
		};
		80B934132963F0F70050EA0C /* Model */ = {
			isa = PBXGroup;
			children = (
				80B934052963F0F20050EA0C /* Environment.swift */,
				80B934042963F0F20050EA0C /* PaymentMethod.swift */,
				80B9340A2963F0F20050EA0C /* Reservation.swift */,
				80B934032963F0F20050EA0C /* Review.swift */,
				80B934062963F0F20050EA0C /* Spot.swift */,
				80B934082963F0F20050EA0C /* User.swift */,
				80B934092963F0F20050EA0C /* Vehicle.swift */,
				80B934072963F0F20050EA0C /* VehicleList.swift */,
			);
			path = Model;
			sourceTree = "<group>";
		};
		80B9341C2963F2180050EA0C /* Documentation */ = {
			isa = PBXGroup;
			children = (
				80B934142963F2100050EA0C /* Dev. Documents */,
				80B934172963F2100050EA0C /* Unused Code */,
			);
			path = Documentation;
			sourceTree = "<group>";
		};
		80B9341D2963F2240050EA0C /* App */ = {
			isa = PBXGroup;
			children = (
				80B933ED2963EDE30050EA0C /* AppDelegate.swift */,
				80B933EF2963EDE30050EA0C /* SceneDelegate.swift */,
				80B934152963F2100050EA0C /* Constants.swift */,
				80B934162963F2100050EA0C /* Extensions.swift */,
			);
			path = App;
			sourceTree = "<group>";
		};
		80B934292963FF880050EA0C /* Controllers */ = {
			isa = PBXGroup;
			children = (
				80B934232963FF5D0050EA0C /* CreateAccountVC.swift */,
				80B934242963FF5D0050EA0C /* FirstVC.swift */,
				80B9344D296401700050EA0C /* AddPaymentMethodVC.swift */,
				80B9344B296401700050EA0C /* AddVehicleVC.swift */,
				80B9344C296401700050EA0C /* ConfirmationVC.swift */,
				80B93447296401700050EA0C /* FiltersTVC.swift */,
				80B93445296401700050EA0C /* ForgotPasswordVC.swift */,
				80B93446296401700050EA0C /* HomepageVC.swift */,
				80B93449296401700050EA0C /* MapVC.swift */,
				80B9344E296401700050EA0C /* MenuTVC.swift */,
				80B934432964016F0050EA0C /* PaymentMethodsVC.swift */,
				80B93448296401700050EA0C /* ReservationsVC.swift */,
				80B934422964016F0050EA0C /* ReviewListVC.swift */,
				80B93444296401700050EA0C /* SearchVC.swift */,
				80B9344F296401700050EA0C /* SpotVC.swift */,
				80B9344A296401700050EA0C /* YourVehiclesVC.swift */,
				80B934252963FF5D0050EA0C /* LoginVC.swift */,
			);
			path = Controllers;
			sourceTree = "<group>";
		};
		80B934382963FFF20050EA0C /* MenuElements */ = {
			isa = PBXGroup;
			children = (
				80B934312963FFEA0050EA0C /* MenuButtonTableViewCell.swift */,
				80B934302963FFEA0050EA0C /* MenuButtonTableViewCell.xib */,
				80B934322963FFEA0050EA0C /* MenuProfileTableViewCell.swift */,
				80B934332963FFEA0050EA0C /* MenuProfileTableViewCell.xib */,
			);
			path = MenuElements;
			sourceTree = "<group>";
		};
		80B934392963FFFF0050EA0C /* CustomComponents */ = {
			isa = PBXGroup;
			children = (
				80B9342C2963FFD10050EA0C /* CircularProgressView.swift */,
				80B9342A2963FFD10050EA0C /* RoundButton.swift */,
				80B9342B2963FFD10050EA0C /* UnderlinedTextField.swift */,
			);
			path = CustomComponents;
			sourceTree = "<group>";
		};
		80B93440296400BF0050EA0C /* PickerViews */ = {
			isa = PBXGroup;
			children = (
				80B9343A296400BA0050EA0C /* ColorPickerView.swift */,
				80B9343B296400BA0050EA0C /* ExpirationPickerView.swift */,
				80B9343C296400BA0050EA0C /* VehiclePickerView.swift */,
			);
			path = PickerViews;
			sourceTree = "<group>";
		};
		80B93441296401100050EA0C /* Views */ = {
			isa = PBXGroup;
			children = (
				80B93481296404210050EA0C /* DirectionsVC.swift */,
				80B93486296404210050EA0C /* FirstTimeView.swift */,
				80B93482296404210050EA0C /* PriceRangeSlider.swift */,
				80B93485296404210050EA0C /* SpotAnnotationView.swift */,
				80B93483296404210050EA0C /* SuggestedDestinationCollectionViewCell.swift */,
				80B93484296404210050EA0C /* SuggestedDestinationCollectionViewCell.xib */,
				80B93487296404210050EA0C /* TableHeaderView.swift */,
				80B9347F296403C50050EA0C /* SpotCardCollection */,
				80B93480296403D00050EA0C /* SpotImageCollection */,
				80B93470296403540050EA0C /* ReviewListCollection */,
				80B934712964037D0050EA0C /* ReviewCardCollection */,
				80B934722964038B0050EA0C /* SpotListCollection */,
				80B934392963FFFF0050EA0C /* CustomComponents */,
				80B93440296400BF0050EA0C /* PickerViews */,
				80B934382963FFF20050EA0C /* MenuElements */,
			);
			path = Views;
			sourceTree = "<group>";
		};
		80B93470296403540050EA0C /* ReviewListCollection */ = {
			isa = PBXGroup;
			children = (
				80B93460296403330050EA0C /* ReviewListCollectionView.swift */,
				80B9345F296403330050EA0C /* ReviewListCollectionViewCell.swift */,
				80B9345E296403330050EA0C /* ReviewListCollectionViewCell.xib */,
			);
			path = ReviewListCollection;
			sourceTree = "<group>";
		};
		80B934712964037D0050EA0C /* ReviewCardCollection */ = {
			isa = PBXGroup;
			children = (
				80B934652964033D0050EA0C /* ReviewCardCollectionView.swift */,
				80B934642964033D0050EA0C /* ReviewCardCollectionViewCell.swift */,
				80B934662964033D0050EA0C /* ReviewCardCollectionViewCell.xib */,
			);
			path = ReviewCardCollection;
			sourceTree = "<group>";
		};
		80B934722964038B0050EA0C /* SpotListCollection */ = {
			isa = PBXGroup;
			children = (
				80B9346A2964034A0050EA0C /* SpotListCollectionView.swift */,
				80B9346B2964034A0050EA0C /* SpotListCollectionViewCell.swift */,
				80B9346C2964034A0050EA0C /* SpotListCollectionViewCell.xib */,
			);
			path = SpotListCollection;
			sourceTree = "<group>";
		};
		80B9347F296403C50050EA0C /* SpotCardCollection */ = {
			isa = PBXGroup;
			children = (
				80B93474296403A90050EA0C /* SpotCardCollectionView.swift */,
				80B93475296403A90050EA0C /* SpotCardCollectionViewCell.swift */,
				80B93473296403A90050EA0C /* SpotCollectionViewCell.xib */,
			);
			path = SpotCardCollection;
			sourceTree = "<group>";
		};
		80B93480296403D00050EA0C /* SpotImageCollection */ = {
			isa = PBXGroup;
			children = (
				80B9347B296403BA0050EA0C /* SpotImageCollectionCell.swift */,
				80B93479296403BA0050EA0C /* SpotImageCollectionCell.xib */,
				80B9347A296403BA0050EA0C /* SpotImageCollectionView.swift */,
			);
			path = SpotImageCollection;
			sourceTree = "<group>";
		};
/* End PBXGroup section */

/* Begin PBXNativeTarget section */
		80B933E92963EDE30050EA0C /* uParker-UIKit */ = {
			isa = PBXNativeTarget;
			buildConfigurationList = 80B933FE2963EDE40050EA0C /* Build configuration list for PBXNativeTarget "uParker-UIKit" */;
			buildPhases = (
				D8FEFF2DB28E380051881E4C /* [CP] Check Pods Manifest.lock */,
				80B933E62963EDE30050EA0C /* Sources */,
				80B933E72963EDE30050EA0C /* Frameworks */,
				80B933E82963EDE30050EA0C /* Resources */,
				BA11885453FE9FD80DDB0BD5 /* [CP] Embed Pods Frameworks */,
			);
			buildRules = (
			);
			dependencies = (
			);
			name = "uParker-UIKit";
			packageProductDependencies = (
				80B934212963FCD40050EA0C /* MapboxMaps */,
			);
			productName = "uParker-UIKit";
			productReference = 80B933EA2963EDE30050EA0C /* uParker-UIKit.app */;
			productType = "com.apple.product-type.application";
		};
/* End PBXNativeTarget section */

/* Begin PBXProject section */
		80B933E22963EDE30050EA0C /* Project object */ = {
			isa = PBXProject;
			attributes = {
				BuildIndependentTargetsInParallel = 1;
				LastSwiftUpdateCheck = 1410;
				LastUpgradeCheck = 1410;
				TargetAttributes = {
					80B933E92963EDE30050EA0C = {
						CreatedOnToolsVersion = 14.1;
					};
				};
			};
			buildConfigurationList = 80B933E52963EDE30050EA0C /* Build configuration list for PBXProject "uParker-UIKit" */;
			compatibilityVersion = "Xcode 14.0";
			developmentRegion = en;
			hasScannedForEncodings = 0;
			knownRegions = (
				en,
				Base,
			);
			mainGroup = 80B933E12963EDE30050EA0C;
			packageReferences = (
				80B934202963FCD40050EA0C /* XCRemoteSwiftPackageReference "mapbox-maps-ios" */,
			);
			productRefGroup = 80B933EB2963EDE30050EA0C /* Products */;
			projectDirPath = "";
			projectRoot = "";
			targets = (
				80B933E92963EDE30050EA0C /* uParker-UIKit */,
			);
		};
/* End PBXProject section */

/* Begin PBXResourcesBuildPhase section */
		80B933E82963EDE30050EA0C /* Resources */ = {
			isa = PBXResourcesBuildPhase;
			buildActionMask = 2147483647;
			files = (
				80B9346F2964034A0050EA0C /* SpotListCollectionViewCell.xib in Resources */,
				80B9347C296403BA0050EA0C /* SpotImageCollectionCell.xib in Resources */,
				80B934372963FFEA0050EA0C /* MenuProfileTableViewCell.xib in Resources */,
				80B934182963F2100050EA0C /* Dev. Documents in Resources */,
				80B933F72963EDE40050EA0C /* Assets.xcassets in Resources */,
				80B9341F2963F2B90050EA0C /* LaunchScreen.storyboard in Resources */,
				80B93461296403330050EA0C /* ReviewListCollectionViewCell.xib in Resources */,
				80B934902964089C0050EA0C /* Main.storyboard in Resources */,
				80B93476296403A90050EA0C /* SpotCollectionViewCell.xib in Resources */,
				80B9341B2963F2100050EA0C /* Unused Code in Resources */,
				80B934692964033D0050EA0C /* ReviewCardCollectionViewCell.xib in Resources */,
				80B934342963FFEA0050EA0C /* MenuButtonTableViewCell.xib in Resources */,
				80B9348B296404210050EA0C /* SuggestedDestinationCollectionViewCell.xib in Resources */,
			);
			runOnlyForDeploymentPostprocessing = 0;
		};
/* End PBXResourcesBuildPhase section */

/* Begin PBXShellScriptBuildPhase section */
		BA11885453FE9FD80DDB0BD5 /* [CP] Embed Pods Frameworks */ = {
			isa = PBXShellScriptBuildPhase;
			buildActionMask = 2147483647;
			files = (
			);
			inputFileListPaths = (
				"${PODS_ROOT}/Target Support Files/Pods-uParker-UIKit/Pods-uParker-UIKit-frameworks-${CONFIGURATION}-input-files.xcfilelist",
			);
			name = "[CP] Embed Pods Frameworks";
			outputFileListPaths = (
				"${PODS_ROOT}/Target Support Files/Pods-uParker-UIKit/Pods-uParker-UIKit-frameworks-${CONFIGURATION}-output-files.xcfilelist",
			);
			runOnlyForDeploymentPostprocessing = 0;
			shellPath = /bin/sh;
			shellScript = "\"${PODS_ROOT}/Target Support Files/Pods-uParker-UIKit/Pods-uParker-UIKit-frameworks.sh\"\n";
			showEnvVarsInLog = 0;
		};
		D8FEFF2DB28E380051881E4C /* [CP] Check Pods Manifest.lock */ = {
			isa = PBXShellScriptBuildPhase;
			buildActionMask = 2147483647;
			files = (
			);
			inputFileListPaths = (
			);
			inputPaths = (
				"${PODS_PODFILE_DIR_PATH}/Podfile.lock",
				"${PODS_ROOT}/Manifest.lock",
			);
			name = "[CP] Check Pods Manifest.lock";
			outputFileListPaths = (
			);
			outputPaths = (
				"$(DERIVED_FILE_DIR)/Pods-uParker-UIKit-checkManifestLockResult.txt",
			);
			runOnlyForDeploymentPostprocessing = 0;
			shellPath = /bin/sh;
			shellScript = "diff \"${PODS_PODFILE_DIR_PATH}/Podfile.lock\" \"${PODS_ROOT}/Manifest.lock\" > /dev/null\nif [ $? != 0 ] ; then\n    # print error to STDERR\n    echo \"error: The sandbox is not in sync with the Podfile.lock. Run 'pod install' or update your CocoaPods installation.\" >&2\n    exit 1\nfi\n# This output is used by Xcode 'outputs' to avoid re-running this script phase.\necho \"SUCCESS\" > \"${SCRIPT_OUTPUT_FILE_0}\"\n";
			showEnvVarsInLog = 0;
		};
/* End PBXShellScriptBuildPhase section */

/* Begin PBXSourcesBuildPhase section */
		80B933E62963EDE30050EA0C /* Sources */ = {
			isa = PBXSourcesBuildPhase;
			buildActionMask = 2147483647;
			files = (
				80B9340F2963F0F20050EA0C /* VehicleList.swift in Sources */,
				80B933F22963EDE30050EA0C /* ViewController.swift in Sources */,
				80B934682964033D0050EA0C /* ReviewCardCollectionView.swift in Sources */,
				80B934362963FFEA0050EA0C /* MenuProfileTableViewCell.swift in Sources */,
				80B93452296401700050EA0C /* SearchVC.swift in Sources */,
				80B9348D296404210050EA0C /* FirstTimeView.swift in Sources */,
				80B9343E296400BA0050EA0C /* ExpirationPickerView.swift in Sources */,
				80B9342F2963FFD20050EA0C /* CircularProgressView.swift in Sources */,
				80B9340D2963F0F20050EA0C /* Environment.swift in Sources */,
				80B934122963F0F20050EA0C /* Reservation.swift in Sources */,
				80B934262963FF5D0050EA0C /* CreateAccountVC.swift in Sources */,
				80B9340B2963F0F20050EA0C /* Review.swift in Sources */,
				80B933EE2963EDE30050EA0C /* AppDelegate.swift in Sources */,
				80B93489296404210050EA0C /* PriceRangeSlider.swift in Sources */,
				80B934352963FFEA0050EA0C /* MenuButtonTableViewCell.swift in Sources */,
				80B93454296401700050EA0C /* HomepageVC.swift in Sources */,
				80B9345C296401700050EA0C /* MenuTVC.swift in Sources */,
				80B9343F296400BA0050EA0C /* VehiclePickerView.swift in Sources */,
				80B934102963F0F20050EA0C /* User.swift in Sources */,
				80B9345A296401700050EA0C /* ConfirmationVC.swift in Sources */,
				80B93456296401700050EA0C /* ReservationsVC.swift in Sources */,
				80B93455296401700050EA0C /* FiltersTVC.swift in Sources */,
				80B93478296403A90050EA0C /* SpotCardCollectionViewCell.swift in Sources */,
				80B93450296401700050EA0C /* ReviewListVC.swift in Sources */,
				80B933F02963EDE30050EA0C /* SceneDelegate.swift in Sources */,
				80B934672964033D0050EA0C /* ReviewCardCollectionViewCell.swift in Sources */,
				80B9341A2963F2100050EA0C /* Extensions.swift in Sources */,
				80B9346E2964034A0050EA0C /* SpotListCollectionViewCell.swift in Sources */,
				80B9348C296404210050EA0C /* SpotAnnotationView.swift in Sources */,
				80B9348A296404210050EA0C /* SuggestedDestinationCollectionViewCell.swift in Sources */,
				80B934282963FF5D0050EA0C /* LoginVC.swift in Sources */,
				80B9340E2963F0F20050EA0C /* Spot.swift in Sources */,
				80B93462296403330050EA0C /* ReviewListCollectionViewCell.swift in Sources */,
				80B93458296401700050EA0C /* YourVehiclesVC.swift in Sources */,
				80B93459296401700050EA0C /* AddVehicleVC.swift in Sources */,
				80B934112963F0F20050EA0C /* Vehicle.swift in Sources */,
				80B9348E296404210050EA0C /* TableHeaderView.swift in Sources */,
				80B9342E2963FFD20050EA0C /* UnderlinedTextField.swift in Sources */,
				80B9340C2963F0F20050EA0C /* PaymentMethod.swift in Sources */,
				80B9346D2964034A0050EA0C /* SpotListCollectionView.swift in Sources */,
				80B93453296401700050EA0C /* ForgotPasswordVC.swift in Sources */,
				80B9343D296400BA0050EA0C /* ColorPickerView.swift in Sources */,
				80B9342D2963FFD20050EA0C /* RoundButton.swift in Sources */,
				80B9345D296401700050EA0C /* SpotVC.swift in Sources */,
				80B93488296404210050EA0C /* DirectionsVC.swift in Sources */,
				80B934272963FF5D0050EA0C /* FirstVC.swift in Sources */,
				80B9345B296401700050EA0C /* AddPaymentMethodVC.swift in Sources */,
				80B93457296401700050EA0C /* MapVC.swift in Sources */,
				80B93451296401700050EA0C /* PaymentMethodsVC.swift in Sources */,
				80B9347D296403BA0050EA0C /* SpotImageCollectionView.swift in Sources */,
				80B93463296403330050EA0C /* ReviewListCollectionView.swift in Sources */,
				80B9347E296403BA0050EA0C /* SpotImageCollectionCell.swift in Sources */,
				80B934192963F2100050EA0C /* Constants.swift in Sources */,
				80B93477296403A90050EA0C /* SpotCardCollectionView.swift in Sources */,
			);
			runOnlyForDeploymentPostprocessing = 0;
		};
/* End PBXSourcesBuildPhase section */

/* Begin XCBuildConfiguration section */
		80B933FC2963EDE40050EA0C /* Debug */ = {
			isa = XCBuildConfiguration;
			buildSettings = {
				ALWAYS_SEARCH_USER_PATHS = NO;
				CLANG_ANALYZER_NONNULL = YES;
				CLANG_ANALYZER_NUMBER_OBJECT_CONVERSION = YES_AGGRESSIVE;
				CLANG_CXX_LANGUAGE_STANDARD = "gnu++20";
				CLANG_ENABLE_MODULES = YES;
				CLANG_ENABLE_OBJC_ARC = YES;
				CLANG_ENABLE_OBJC_WEAK = YES;
				CLANG_WARN_BLOCK_CAPTURE_AUTORELEASING = YES;
				CLANG_WARN_BOOL_CONVERSION = YES;
				CLANG_WARN_COMMA = YES;
				CLANG_WARN_CONSTANT_CONVERSION = YES;
				CLANG_WARN_DEPRECATED_OBJC_IMPLEMENTATIONS = YES;
				CLANG_WARN_DIRECT_OBJC_ISA_USAGE = YES_ERROR;
				CLANG_WARN_DOCUMENTATION_COMMENTS = YES;
				CLANG_WARN_EMPTY_BODY = YES;
				CLANG_WARN_ENUM_CONVERSION = YES;
				CLANG_WARN_INFINITE_RECURSION = YES;
				CLANG_WARN_INT_CONVERSION = YES;
				CLANG_WARN_NON_LITERAL_NULL_CONVERSION = YES;
				CLANG_WARN_OBJC_IMPLICIT_RETAIN_SELF = YES;
				CLANG_WARN_OBJC_LITERAL_CONVERSION = YES;
				CLANG_WARN_OBJC_ROOT_CLASS = YES_ERROR;
				CLANG_WARN_QUOTED_INCLUDE_IN_FRAMEWORK_HEADER = YES;
				CLANG_WARN_RANGE_LOOP_ANALYSIS = YES;
				CLANG_WARN_STRICT_PROTOTYPES = YES;
				CLANG_WARN_SUSPICIOUS_MOVE = YES;
				CLANG_WARN_UNGUARDED_AVAILABILITY = YES_AGGRESSIVE;
				CLANG_WARN_UNREACHABLE_CODE = YES;
				CLANG_WARN__DUPLICATE_METHOD_MATCH = YES;
				COPY_PHASE_STRIP = NO;
				DEBUG_INFORMATION_FORMAT = dwarf;
				ENABLE_STRICT_OBJC_MSGSEND = YES;
				ENABLE_TESTABILITY = YES;
				GCC_C_LANGUAGE_STANDARD = gnu11;
				GCC_DYNAMIC_NO_PIC = NO;
				GCC_NO_COMMON_BLOCKS = YES;
				GCC_OPTIMIZATION_LEVEL = 0;
				GCC_PREPROCESSOR_DEFINITIONS = (
					"DEBUG=1",
					"$(inherited)",
				);
				GCC_WARN_64_TO_32_BIT_CONVERSION = YES;
				GCC_WARN_ABOUT_RETURN_TYPE = YES_ERROR;
				GCC_WARN_UNDECLARED_SELECTOR = YES;
				GCC_WARN_UNINITIALIZED_AUTOS = YES_AGGRESSIVE;
				GCC_WARN_UNUSED_FUNCTION = YES;
				GCC_WARN_UNUSED_VARIABLE = YES;
				IPHONEOS_DEPLOYMENT_TARGET = 16.1;
				MTL_ENABLE_DEBUG_INFO = INCLUDE_SOURCE;
				MTL_FAST_MATH = YES;
				ONLY_ACTIVE_ARCH = YES;
				SDKROOT = iphoneos;
				SWIFT_ACTIVE_COMPILATION_CONDITIONS = DEBUG;
				SWIFT_OPTIMIZATION_LEVEL = "-Onone";
			};
			name = Debug;
		};
		80B933FD2963EDE40050EA0C /* Release */ = {
			isa = XCBuildConfiguration;
			buildSettings = {
				ALWAYS_SEARCH_USER_PATHS = NO;
				CLANG_ANALYZER_NONNULL = YES;
				CLANG_ANALYZER_NUMBER_OBJECT_CONVERSION = YES_AGGRESSIVE;
				CLANG_CXX_LANGUAGE_STANDARD = "gnu++20";
				CLANG_ENABLE_MODULES = YES;
				CLANG_ENABLE_OBJC_ARC = YES;
				CLANG_ENABLE_OBJC_WEAK = YES;
				CLANG_WARN_BLOCK_CAPTURE_AUTORELEASING = YES;
				CLANG_WARN_BOOL_CONVERSION = YES;
				CLANG_WARN_COMMA = YES;
				CLANG_WARN_CONSTANT_CONVERSION = YES;
				CLANG_WARN_DEPRECATED_OBJC_IMPLEMENTATIONS = YES;
				CLANG_WARN_DIRECT_OBJC_ISA_USAGE = YES_ERROR;
				CLANG_WARN_DOCUMENTATION_COMMENTS = YES;
				CLANG_WARN_EMPTY_BODY = YES;
				CLANG_WARN_ENUM_CONVERSION = YES;
				CLANG_WARN_INFINITE_RECURSION = YES;
				CLANG_WARN_INT_CONVERSION = YES;
				CLANG_WARN_NON_LITERAL_NULL_CONVERSION = YES;
				CLANG_WARN_OBJC_IMPLICIT_RETAIN_SELF = YES;
				CLANG_WARN_OBJC_LITERAL_CONVERSION = YES;
				CLANG_WARN_OBJC_ROOT_CLASS = YES_ERROR;
				CLANG_WARN_QUOTED_INCLUDE_IN_FRAMEWORK_HEADER = YES;
				CLANG_WARN_RANGE_LOOP_ANALYSIS = YES;
				CLANG_WARN_STRICT_PROTOTYPES = YES;
				CLANG_WARN_SUSPICIOUS_MOVE = YES;
				CLANG_WARN_UNGUARDED_AVAILABILITY = YES_AGGRESSIVE;
				CLANG_WARN_UNREACHABLE_CODE = YES;
				CLANG_WARN__DUPLICATE_METHOD_MATCH = YES;
				COPY_PHASE_STRIP = NO;
				DEBUG_INFORMATION_FORMAT = "dwarf-with-dsym";
				ENABLE_NS_ASSERTIONS = NO;
				ENABLE_STRICT_OBJC_MSGSEND = YES;
				GCC_C_LANGUAGE_STANDARD = gnu11;
				GCC_NO_COMMON_BLOCKS = YES;
				GCC_WARN_64_TO_32_BIT_CONVERSION = YES;
				GCC_WARN_ABOUT_RETURN_TYPE = YES_ERROR;
				GCC_WARN_UNDECLARED_SELECTOR = YES;
				GCC_WARN_UNINITIALIZED_AUTOS = YES_AGGRESSIVE;
				GCC_WARN_UNUSED_FUNCTION = YES;
				GCC_WARN_UNUSED_VARIABLE = YES;
				IPHONEOS_DEPLOYMENT_TARGET = 16.1;
				MTL_ENABLE_DEBUG_INFO = NO;
				MTL_FAST_MATH = YES;
				SDKROOT = iphoneos;
				SWIFT_COMPILATION_MODE = wholemodule;
				SWIFT_OPTIMIZATION_LEVEL = "-O";
				VALIDATE_PRODUCT = YES;
			};
			name = Release;
		};
		80B933FF2963EDE40050EA0C /* Debug */ = {
			isa = XCBuildConfiguration;
			baseConfigurationReference = A236536517C009ADE3188E03 /* Pods-uParker-UIKit.debug.xcconfig */;
			buildSettings = {
				ASSETCATALOG_COMPILER_APPICON_NAME = AppIcon;
				ASSETCATALOG_COMPILER_GLOBAL_ACCENT_COLOR_NAME = AccentColor;
				CODE_SIGN_STYLE = Automatic;
				CURRENT_PROJECT_VERSION = 1;
				DEVELOPMENT_TEAM = FV4ACN6AD6;
				GENERATE_INFOPLIST_FILE = YES;
				INFOPLIST_FILE = "uParker-UIKit/Info.plist";
				INFOPLIST_KEY_UIApplicationSupportsIndirectInputEvents = YES;
				INFOPLIST_KEY_UILaunchStoryboardName = LaunchScreen;
				INFOPLIST_KEY_UIMainStoryboardFile = Main;
				INFOPLIST_KEY_UISupportedInterfaceOrientations_iPad = "UIInterfaceOrientationPortrait UIInterfaceOrientationPortraitUpsideDown UIInterfaceOrientationLandscapeLeft UIInterfaceOrientationLandscapeRight";
				INFOPLIST_KEY_UISupportedInterfaceOrientations_iPhone = "UIInterfaceOrientationPortrait UIInterfaceOrientationLandscapeLeft UIInterfaceOrientationLandscapeRight";
				IPHONEOS_DEPLOYMENT_TARGET = 13.5;
				LD_RUNPATH_SEARCH_PATHS = (
					"$(inherited)",
					"@executable_path/Frameworks",
				);
				MARKETING_VERSION = 1.0;
				PRODUCT_BUNDLE_IDENTIFIER = "xavware.uParker-UIKit";
				PRODUCT_NAME = "$(TARGET_NAME)";
				SWIFT_EMIT_LOC_STRINGS = YES;
				SWIFT_VERSION = 5.0;
				TARGETED_DEVICE_FAMILY = "1,2";
			};
			name = Debug;
		};
		80B934002963EDE40050EA0C /* Release */ = {
			isa = XCBuildConfiguration;
			baseConfigurationReference = BA5C23B4E6A6C99B35ED1AD7 /* Pods-uParker-UIKit.release.xcconfig */;
			buildSettings = {
				ASSETCATALOG_COMPILER_APPICON_NAME = AppIcon;
				ASSETCATALOG_COMPILER_GLOBAL_ACCENT_COLOR_NAME = AccentColor;
				CODE_SIGN_STYLE = Automatic;
				CURRENT_PROJECT_VERSION = 1;
				DEVELOPMENT_TEAM = FV4ACN6AD6;
				GENERATE_INFOPLIST_FILE = YES;
				INFOPLIST_FILE = "uParker-UIKit/Info.plist";
				INFOPLIST_KEY_UIApplicationSupportsIndirectInputEvents = YES;
				INFOPLIST_KEY_UILaunchStoryboardName = LaunchScreen;
				INFOPLIST_KEY_UIMainStoryboardFile = Main;
				INFOPLIST_KEY_UISupportedInterfaceOrientations_iPad = "UIInterfaceOrientationPortrait UIInterfaceOrientationPortraitUpsideDown UIInterfaceOrientationLandscapeLeft UIInterfaceOrientationLandscapeRight";
				INFOPLIST_KEY_UISupportedInterfaceOrientations_iPhone = "UIInterfaceOrientationPortrait UIInterfaceOrientationLandscapeLeft UIInterfaceOrientationLandscapeRight";
				IPHONEOS_DEPLOYMENT_TARGET = 13.5;
				LD_RUNPATH_SEARCH_PATHS = (
					"$(inherited)",
					"@executable_path/Frameworks",
				);
				MARKETING_VERSION = 1.0;
				PRODUCT_BUNDLE_IDENTIFIER = "xavware.uParker-UIKit";
				PRODUCT_NAME = "$(TARGET_NAME)";
				SWIFT_EMIT_LOC_STRINGS = YES;
				SWIFT_VERSION = 5.0;
				TARGETED_DEVICE_FAMILY = "1,2";
			};
			name = Release;
		};
/* End XCBuildConfiguration section */

/* Begin XCConfigurationList section */
		80B933E52963EDE30050EA0C /* Build configuration list for PBXProject "uParker-UIKit" */ = {
			isa = XCConfigurationList;
			buildConfigurations = (
				80B933FC2963EDE40050EA0C /* Debug */,
				80B933FD2963EDE40050EA0C /* Release */,
			);
			defaultConfigurationIsVisible = 0;
			defaultConfigurationName = Release;
		};
		80B933FE2963EDE40050EA0C /* Build configuration list for PBXNativeTarget "uParker-UIKit" */ = {
			isa = XCConfigurationList;
			buildConfigurations = (
				80B933FF2963EDE40050EA0C /* Debug */,
				80B934002963EDE40050EA0C /* Release */,
			);
			defaultConfigurationIsVisible = 0;
			defaultConfigurationName = Release;
		};
/* End XCConfigurationList section */

/* Begin XCRemoteSwiftPackageReference section */
		80B934202963FCD40050EA0C /* XCRemoteSwiftPackageReference "mapbox-maps-ios" */ = {
			isa = XCRemoteSwiftPackageReference;
			repositoryURL = "https://github.com/mapbox/mapbox-maps-ios.git";
			requirement = {
				kind = exactVersion;
				version = 10.10.1;
			};
		};
/* End XCRemoteSwiftPackageReference section */

/* Begin XCSwiftPackageProductDependency section */
		80B934212963FCD40050EA0C /* MapboxMaps */ = {
			isa = XCSwiftPackageProductDependency;
			package = 80B934202963FCD40050EA0C /* XCRemoteSwiftPackageReference "mapbox-maps-ios" */;
			productName = MapboxMaps;
		};
/* End XCSwiftPackageProductDependency section */
	};
	rootObject = 80B933E22963EDE30050EA0C /* Project object */;
}
