// !$*UTF8*$!
{
	archiveVersion = 1;
	classes = {
	};
	objectVersion = 56;
	objects = {

/* Begin PBXBuildFile section */
		80607353296662F600C4E136 /* MainView.swift in Sources */ = {isa = PBXBuildFile; fileRef = 80607352296662F600C4E136 /* MainView.swift */; };
		806073562966B6C600C4E136 /* MapboxMaps in Frameworks */ = {isa = PBXBuildFile; productRef = 806073552966B6C600C4E136 /* MapboxMaps */; };
		806073582966B70B00C4E136 /* ParkingMapView.swift in Sources */ = {isa = PBXBuildFile; fileRef = 806073572966B70B00C4E136 /* ParkingMapView.swift */; };
		80A64A06294D6490001317DD /* uParker_SwiftUIApp.swift in Sources */ = {isa = PBXBuildFile; fileRef = 80A64A05294D6490001317DD /* uParker_SwiftUIApp.swift */; };
		80A64A0A294D6491001317DD /* Assets.xcassets in Resources */ = {isa = PBXBuildFile; fileRef = 80A64A09294D6491001317DD /* Assets.xcassets */; };
		80A64A0D294D6491001317DD /* Preview Assets.xcassets in Resources */ = {isa = PBXBuildFile; fileRef = 80A64A0C294D6491001317DD /* Preview Assets.xcassets */; };
		80A64A18294D665B001317DD /* ViewManager.swift in Sources */ = {isa = PBXBuildFile; fileRef = 80A64A17294D665B001317DD /* ViewManager.swift */; };
		80A64A1A294D66C0001317DD /* LoginView-OG.swift in Sources */ = {isa = PBXBuildFile; fileRef = 80A64A19294D66C0001317DD /* LoginView-OG.swift */; };
		80A64A1D294D6859001317DD /* Constants.swift in Sources */ = {isa = PBXBuildFile; fileRef = 80A64A1C294D6859001317DD /* Constants.swift */; };
		80A64A1F294D6B53001317DD /* UnderlinedTextField.swift in Sources */ = {isa = PBXBuildFile; fileRef = 80A64A1E294D6B53001317DD /* UnderlinedTextField.swift */; };
		80A64A26294D8F77001317DD /* ButtonModifier.swift in Sources */ = {isa = PBXBuildFile; fileRef = 80A64A25294D8F77001317DD /* ButtonModifier.swift */; };
		80A64A28294E4C61001317DD /* SignUpView.swift in Sources */ = {isa = PBXBuildFile; fileRef = 80A64A27294E4C61001317DD /* SignUpView.swift */; };
		80A64A2B2953FFCB001317DD /* SessionManager.swift in Sources */ = {isa = PBXBuildFile; fileRef = 80A64A2A2953FFCB001317DD /* SessionManager.swift */; };
		80A64A2E2953FFF0001317DD /* User.swift in Sources */ = {isa = PBXBuildFile; fileRef = 80A64A2D2953FFF0001317DD /* User.swift */; };
		80EAC1BF2968C38900F4DC09 /* ProfileView.swift in Sources */ = {isa = PBXBuildFile; fileRef = 80EAC1BE2968C38900F4DC09 /* ProfileView.swift */; };
		80EAC1C12968CAC700F4DC09 /* ContinueButton.swift in Sources */ = {isa = PBXBuildFile; fileRef = 80EAC1C02968CAC700F4DC09 /* ContinueButton.swift */; };
		80EAC1C52968CC1D00F4DC09 /* Modifiers.swift in Sources */ = {isa = PBXBuildFile; fileRef = 80EAC1C42968CC1D00F4DC09 /* Modifiers.swift */; };
		80EAC1C82968CEAB00F4DC09 /* NeedLoginView.swift in Sources */ = {isa = PBXBuildFile; fileRef = 80EAC1C72968CEAB00F4DC09 /* NeedLoginView.swift */; };
		80EAC1CA2968F2E400F4DC09 /* HeaderView.swift in Sources */ = {isa = PBXBuildFile; fileRef = 80EAC1C92968F2E400F4DC09 /* HeaderView.swift */; };
		80EE942F2964E8A200A85CEF /* ParkerView.swift in Sources */ = {isa = PBXBuildFile; fileRef = 80EE942E2964E8A200A85CEF /* ParkerView.swift */; };
		80EE94312964E8C500A85CEF /* HostView.swift in Sources */ = {isa = PBXBuildFile; fileRef = 80EE94302964E8C500A85CEF /* HostView.swift */; };
		80EE94332964E93400A85CEF /* LoginSignUpView.swift in Sources */ = {isa = PBXBuildFile; fileRef = 80EE94322964E93400A85CEF /* LoginSignUpView.swift */; };
		80F372A22965FC61004A2570 /* LoginViewDivider.swift in Sources */ = {isa = PBXBuildFile; fileRef = 80F372A12965FC61004A2570 /* LoginViewDivider.swift */; };
		80F372A42965FECB004A2570 /* ContinueWithButton.swift in Sources */ = {isa = PBXBuildFile; fileRef = 80F372A32965FECB004A2570 /* ContinueWithButton.swift */; };
		80F372A629660309004A2570 /* AnimatedTextField.swift in Sources */ = {isa = PBXBuildFile; fileRef = 80F372A529660309004A2570 /* AnimatedTextField.swift */; };
		80F7260C296758DB00ABE49B /* UIKitMapVC.swift in Sources */ = {isa = PBXBuildFile; fileRef = 80F7260B296758DB00ABE49B /* UIKitMapVC.swift */; };
/* End PBXBuildFile section */

/* Begin PBXFileReference section */
		80607352296662F600C4E136 /* MainView.swift */ = {isa = PBXFileReference; lastKnownFileType = sourcecode.swift; path = MainView.swift; sourceTree = "<group>"; };
		806073572966B70B00C4E136 /* ParkingMapView.swift */ = {isa = PBXFileReference; lastKnownFileType = sourcecode.swift; path = ParkingMapView.swift; sourceTree = "<group>"; };
		80A64A02294D6490001317DD /* uParker-SwiftUI.app */ = {isa = PBXFileReference; explicitFileType = wrapper.application; includeInIndex = 0; path = "uParker-SwiftUI.app"; sourceTree = BUILT_PRODUCTS_DIR; };
		80A64A05294D6490001317DD /* uParker_SwiftUIApp.swift */ = {isa = PBXFileReference; lastKnownFileType = sourcecode.swift; path = uParker_SwiftUIApp.swift; sourceTree = "<group>"; };
		80A64A09294D6491001317DD /* Assets.xcassets */ = {isa = PBXFileReference; lastKnownFileType = folder.assetcatalog; path = Assets.xcassets; sourceTree = "<group>"; };
		80A64A0C294D6491001317DD /* Preview Assets.xcassets */ = {isa = PBXFileReference; lastKnownFileType = folder.assetcatalog; path = "Preview Assets.xcassets"; sourceTree = "<group>"; };
		80A64A17294D665B001317DD /* ViewManager.swift */ = {isa = PBXFileReference; lastKnownFileType = sourcecode.swift; path = ViewManager.swift; sourceTree = "<group>"; };
		80A64A19294D66C0001317DD /* LoginView-OG.swift */ = {isa = PBXFileReference; lastKnownFileType = sourcecode.swift; path = "LoginView-OG.swift"; sourceTree = "<group>"; };
		80A64A1C294D6859001317DD /* Constants.swift */ = {isa = PBXFileReference; lastKnownFileType = sourcecode.swift; path = Constants.swift; sourceTree = "<group>"; };
		80A64A1E294D6B53001317DD /* UnderlinedTextField.swift */ = {isa = PBXFileReference; lastKnownFileType = sourcecode.swift; path = UnderlinedTextField.swift; sourceTree = "<group>"; };
		80A64A25294D8F77001317DD /* ButtonModifier.swift */ = {isa = PBXFileReference; lastKnownFileType = sourcecode.swift; path = ButtonModifier.swift; sourceTree = "<group>"; };
		80A64A27294E4C61001317DD /* SignUpView.swift */ = {isa = PBXFileReference; lastKnownFileType = sourcecode.swift; path = SignUpView.swift; sourceTree = "<group>"; };
		80A64A292953FB46001317DD /* Info.plist */ = {isa = PBXFileReference; lastKnownFileType = text.plist; path = Info.plist; sourceTree = "<group>"; };
		80A64A2A2953FFCB001317DD /* SessionManager.swift */ = {isa = PBXFileReference; lastKnownFileType = sourcecode.swift; path = SessionManager.swift; sourceTree = "<group>"; };
		80A64A2D2953FFF0001317DD /* User.swift */ = {isa = PBXFileReference; lastKnownFileType = sourcecode.swift; path = User.swift; sourceTree = "<group>"; };
		80EAC1BE2968C38900F4DC09 /* ProfileView.swift */ = {isa = PBXFileReference; lastKnownFileType = sourcecode.swift; path = ProfileView.swift; sourceTree = "<group>"; };
		80EAC1C02968CAC700F4DC09 /* ContinueButton.swift */ = {isa = PBXFileReference; lastKnownFileType = sourcecode.swift; path = ContinueButton.swift; sourceTree = "<group>"; };
		80EAC1C42968CC1D00F4DC09 /* Modifiers.swift */ = {isa = PBXFileReference; lastKnownFileType = sourcecode.swift; path = Modifiers.swift; sourceTree = "<group>"; };
		80EAC1C72968CEAB00F4DC09 /* NeedLoginView.swift */ = {isa = PBXFileReference; lastKnownFileType = sourcecode.swift; path = NeedLoginView.swift; sourceTree = "<group>"; };
		80EAC1C92968F2E400F4DC09 /* HeaderView.swift */ = {isa = PBXFileReference; lastKnownFileType = sourcecode.swift; path = HeaderView.swift; sourceTree = "<group>"; };
		80EE942E2964E8A200A85CEF /* ParkerView.swift */ = {isa = PBXFileReference; lastKnownFileType = sourcecode.swift; path = ParkerView.swift; sourceTree = "<group>"; };
		80EE94302964E8C500A85CEF /* HostView.swift */ = {isa = PBXFileReference; lastKnownFileType = sourcecode.swift; path = HostView.swift; sourceTree = "<group>"; };
		80EE94322964E93400A85CEF /* LoginSignUpView.swift */ = {isa = PBXFileReference; lastKnownFileType = sourcecode.swift; path = LoginSignUpView.swift; sourceTree = "<group>"; };
		80F372A12965FC61004A2570 /* LoginViewDivider.swift */ = {isa = PBXFileReference; lastKnownFileType = sourcecode.swift; path = LoginViewDivider.swift; sourceTree = "<group>"; };
		80F372A32965FECB004A2570 /* ContinueWithButton.swift */ = {isa = PBXFileReference; lastKnownFileType = sourcecode.swift; path = ContinueWithButton.swift; sourceTree = "<group>"; };
		80F372A529660309004A2570 /* AnimatedTextField.swift */ = {isa = PBXFileReference; lastKnownFileType = sourcecode.swift; path = AnimatedTextField.swift; sourceTree = "<group>"; };
		80F7260B296758DB00ABE49B /* UIKitMapVC.swift */ = {isa = PBXFileReference; lastKnownFileType = sourcecode.swift; path = UIKitMapVC.swift; sourceTree = "<group>"; };
/* End PBXFileReference section */

/* Begin PBXFrameworksBuildPhase section */
		80A649FF294D6490001317DD /* Frameworks */ = {
			isa = PBXFrameworksBuildPhase;
			buildActionMask = 2147483647;
			files = (
				806073562966B6C600C4E136 /* MapboxMaps in Frameworks */,
			);
			runOnlyForDeploymentPostprocessing = 0;
		};
/* End PBXFrameworksBuildPhase section */

/* Begin PBXGroup section */
		80A649F9294D6490001317DD = {
			isa = PBXGroup;
			children = (
				80A64A04294D6490001317DD /* uParker-SwiftUI */,
				80A64A03294D6490001317DD /* Products */,
			);
			sourceTree = "<group>";
		};
		80A64A03294D6490001317DD /* Products */ = {
			isa = PBXGroup;
			children = (
				80A64A02294D6490001317DD /* uParker-SwiftUI.app */,
			);
			name = Products;
			sourceTree = "<group>";
		};
		80A64A04294D6490001317DD /* uParker-SwiftUI */ = {
			isa = PBXGroup;
			children = (
				80A64A2C2953FFE7001317DD /* Model */,
				80A64A292953FB46001317DD /* Info.plist */,
				80A64A23294D8A49001317DD /* App */,
				80A64A1B294D6716001317DD /* Views */,
				80A64A22294D8A2C001317DD /* Custom Components */,
				80A64A24294D8A57001317DD /* Modifiers */,
				80F372A729662059004A2570 /* Unused */,
				80A64A09294D6491001317DD /* Assets.xcassets */,
				80A64A0B294D6491001317DD /* Preview Content */,
			);
			path = "uParker-SwiftUI";
			sourceTree = "<group>";
		};
		80A64A0B294D6491001317DD /* Preview Content */ = {
			isa = PBXGroup;
			children = (
				80A64A0C294D6491001317DD /* Preview Assets.xcassets */,
			);
			path = "Preview Content";
			sourceTree = "<group>";
		};
		80A64A1B294D6716001317DD /* Views */ = {
			isa = PBXGroup;
			children = (
				80EE94302964E8C500A85CEF /* HostView.swift */,
				80EE94322964E93400A85CEF /* LoginSignUpView.swift */,
				80EE942E2964E8A200A85CEF /* ParkerView.swift */,
				806073572966B70B00C4E136 /* ParkingMapView.swift */,
				80EAC1BE2968C38900F4DC09 /* ProfileView.swift */,
				80607352296662F600C4E136 /* MainView.swift */,
			);
			path = Views;
			sourceTree = "<group>";
		};
		80A64A22294D8A2C001317DD /* Custom Components */ = {
			isa = PBXGroup;
			children = (
				80EAC1C32968CB6600F4DC09 /* Buttons */,
				80F372A12965FC61004A2570 /* LoginViewDivider.swift */,
				80EAC1C22968CB5F00F4DC09 /* TextFields */,
				80EAC1C62968CE8C00F4DC09 /* View Components */,
			);
			path = "Custom Components";
			sourceTree = "<group>";
		};
		80A64A23294D8A49001317DD /* App */ = {
			isa = PBXGroup;
			children = (
				80A64A05294D6490001317DD /* uParker_SwiftUIApp.swift */,
				80A64A1C294D6859001317DD /* Constants.swift */,
				80A64A2A2953FFCB001317DD /* SessionManager.swift */,
			);
			path = App;
			sourceTree = "<group>";
		};
		80A64A24294D8A57001317DD /* Modifiers */ = {
			isa = PBXGroup;
			children = (
				80A64A25294D8F77001317DD /* ButtonModifier.swift */,
				80EAC1C42968CC1D00F4DC09 /* Modifiers.swift */,
			);
			path = Modifiers;
			sourceTree = "<group>";
		};
		80A64A2C2953FFE7001317DD /* Model */ = {
			isa = PBXGroup;
			children = (
				80A64A2D2953FFF0001317DD /* User.swift */,
			);
			path = Model;
			sourceTree = "<group>";
		};
		80EAC1C22968CB5F00F4DC09 /* TextFields */ = {
			isa = PBXGroup;
			children = (
				80A64A1E294D6B53001317DD /* UnderlinedTextField.swift */,
				80F372A529660309004A2570 /* AnimatedTextField.swift */,
			);
			path = TextFields;
			sourceTree = "<group>";
		};
		80EAC1C32968CB6600F4DC09 /* Buttons */ = {
			isa = PBXGroup;
			children = (
				80EAC1C02968CAC700F4DC09 /* ContinueButton.swift */,
				80F372A32965FECB004A2570 /* ContinueWithButton.swift */,
			);
			path = Buttons;
			sourceTree = "<group>";
		};
		80EAC1C62968CE8C00F4DC09 /* View Components */ = {
			isa = PBXGroup;
			children = (
				80EAC1C72968CEAB00F4DC09 /* NeedLoginView.swift */,
				80EAC1C92968F2E400F4DC09 /* HeaderView.swift */,
			);
			path = "View Components";
			sourceTree = "<group>";
		};
		80F372A729662059004A2570 /* Unused */ = {
			isa = PBXGroup;
			children = (
				80A64A19294D66C0001317DD /* LoginView-OG.swift */,
				80A64A17294D665B001317DD /* ViewManager.swift */,
				80A64A27294E4C61001317DD /* SignUpView.swift */,
				80F7260B296758DB00ABE49B /* UIKitMapVC.swift */,
			);
			path = Unused;
			sourceTree = "<group>";
		};
/* End PBXGroup section */

/* Begin PBXNativeTarget section */
		80A64A01294D6490001317DD /* uParker-SwiftUI */ = {
			isa = PBXNativeTarget;
			buildConfigurationList = 80A64A10294D6491001317DD /* Build configuration list for PBXNativeTarget "uParker-SwiftUI" */;
			buildPhases = (
				80A649FE294D6490001317DD /* Sources */,
				80A649FF294D6490001317DD /* Frameworks */,
				80A64A00294D6490001317DD /* Resources */,
			);
			buildRules = (
			);
			dependencies = (
			);
			name = "uParker-SwiftUI";
			packageProductDependencies = (
				806073552966B6C600C4E136 /* MapboxMaps */,
			);
			productName = "uParker-SwiftUI";
			productReference = 80A64A02294D6490001317DD /* uParker-SwiftUI.app */;
			productType = "com.apple.product-type.application";
		};
/* End PBXNativeTarget section */

/* Begin PBXProject section */
		80A649FA294D6490001317DD /* Project object */ = {
			isa = PBXProject;
			attributes = {
				BuildIndependentTargetsInParallel = 1;
				LastSwiftUpdateCheck = 1410;
				LastUpgradeCheck = 1410;
				TargetAttributes = {
					80A64A01294D6490001317DD = {
						CreatedOnToolsVersion = 14.1;
					};
				};
			};
			buildConfigurationList = 80A649FD294D6490001317DD /* Build configuration list for PBXProject "uParker-SwiftUI" */;
			compatibilityVersion = "Xcode 14.0";
			developmentRegion = en;
			hasScannedForEncodings = 0;
			knownRegions = (
				en,
				Base,
			);
			mainGroup = 80A649F9294D6490001317DD;
			packageReferences = (
				806073542966B6C600C4E136 /* XCRemoteSwiftPackageReference "mapbox-maps-ios" */,
			);
			productRefGroup = 80A64A03294D6490001317DD /* Products */;
			projectDirPath = "";
			projectRoot = "";
			targets = (
				80A64A01294D6490001317DD /* uParker-SwiftUI */,
			);
		};
/* End PBXProject section */

/* Begin PBXResourcesBuildPhase section */
		80A64A00294D6490001317DD /* Resources */ = {
			isa = PBXResourcesBuildPhase;
			buildActionMask = 2147483647;
			files = (
				80A64A0D294D6491001317DD /* Preview Assets.xcassets in Resources */,
				80A64A0A294D6491001317DD /* Assets.xcassets in Resources */,
			);
			runOnlyForDeploymentPostprocessing = 0;
		};
/* End PBXResourcesBuildPhase section */

/* Begin PBXSourcesBuildPhase section */
		80A649FE294D6490001317DD /* Sources */ = {
			isa = PBXSourcesBuildPhase;
			buildActionMask = 2147483647;
			files = (
				80A64A26294D8F77001317DD /* ButtonModifier.swift in Sources */,
				80EE942F2964E8A200A85CEF /* ParkerView.swift in Sources */,
				80F372A42965FECB004A2570 /* ContinueWithButton.swift in Sources */,
				80EE94312964E8C500A85CEF /* HostView.swift in Sources */,
				80F372A629660309004A2570 /* AnimatedTextField.swift in Sources */,
				80A64A1F294D6B53001317DD /* UnderlinedTextField.swift in Sources */,
				80EAC1C82968CEAB00F4DC09 /* NeedLoginView.swift in Sources */,
				80A64A18294D665B001317DD /* ViewManager.swift in Sources */,
				80EE94332964E93400A85CEF /* LoginSignUpView.swift in Sources */,
				80F372A22965FC61004A2570 /* LoginViewDivider.swift in Sources */,
				806073582966B70B00C4E136 /* ParkingMapView.swift in Sources */,
				80607353296662F600C4E136 /* MainView.swift in Sources */,
				80A64A28294E4C61001317DD /* SignUpView.swift in Sources */,
				80EAC1C12968CAC700F4DC09 /* ContinueButton.swift in Sources */,
				80A64A1A294D66C0001317DD /* LoginView-OG.swift in Sources */,
				80A64A2E2953FFF0001317DD /* User.swift in Sources */,
				80A64A06294D6490001317DD /* uParker_SwiftUIApp.swift in Sources */,
				80EAC1C52968CC1D00F4DC09 /* Modifiers.swift in Sources */,
				80A64A2B2953FFCB001317DD /* SessionManager.swift in Sources */,
				80EAC1BF2968C38900F4DC09 /* ProfileView.swift in Sources */,
				80F7260C296758DB00ABE49B /* UIKitMapVC.swift in Sources */,
				80EAC1CA2968F2E400F4DC09 /* HeaderView.swift in Sources */,
				80A64A1D294D6859001317DD /* Constants.swift in Sources */,
			);
			runOnlyForDeploymentPostprocessing = 0;
		};
/* End PBXSourcesBuildPhase section */

/* Begin XCBuildConfiguration section */
		80A64A0E294D6491001317DD /* Debug */ = {
			isa = XCBuildConfiguration;
			buildSettings = {
				ALWAYS_SEARCH_USER_PATHS = NO;
				CLANG_ANALYZER_NONNULL = YES;
				CLANG_ANALYZER_NUMBER_OBJECT_CONVERSION = YES_AGGRESSIVE;
				CLANG_CXX_LANGUAGE_STANDARD = "gnu++20";
				CLANG_ENABLE_MODULES = YES;
				CLANG_ENABLE_OBJC_ARC = YES;
				CLANG_ENABLE_OBJC_WEAK = YES;
				CLANG_WARN_BLOCK_CAPTURE_AUTORELEASING = YES;
				CLANG_WARN_BOOL_CONVERSION = YES;
				CLANG_WARN_COMMA = YES;
				CLANG_WARN_CONSTANT_CONVERSION = YES;
				CLANG_WARN_DEPRECATED_OBJC_IMPLEMENTATIONS = YES;
				CLANG_WARN_DIRECT_OBJC_ISA_USAGE = YES_ERROR;
				CLANG_WARN_DOCUMENTATION_COMMENTS = YES;
				CLANG_WARN_EMPTY_BODY = YES;
				CLANG_WARN_ENUM_CONVERSION = YES;
				CLANG_WARN_INFINITE_RECURSION = YES;
				CLANG_WARN_INT_CONVERSION = YES;
				CLANG_WARN_NON_LITERAL_NULL_CONVERSION = YES;
				CLANG_WARN_OBJC_IMPLICIT_RETAIN_SELF = YES;
				CLANG_WARN_OBJC_LITERAL_CONVERSION = YES;
				CLANG_WARN_OBJC_ROOT_CLASS = YES_ERROR;
				CLANG_WARN_QUOTED_INCLUDE_IN_FRAMEWORK_HEADER = YES;
				CLANG_WARN_RANGE_LOOP_ANALYSIS = YES;
				CLANG_WARN_STRICT_PROTOTYPES = YES;
				CLANG_WARN_SUSPICIOUS_MOVE = YES;
				CLANG_WARN_UNGUARDED_AVAILABILITY = YES_AGGRESSIVE;
				CLANG_WARN_UNREACHABLE_CODE = YES;
				CLANG_WARN__DUPLICATE_METHOD_MATCH = YES;
				COPY_PHASE_STRIP = NO;
				DEBUG_INFORMATION_FORMAT = dwarf;
				ENABLE_STRICT_OBJC_MSGSEND = YES;
				ENABLE_TESTABILITY = YES;
				GCC_C_LANGUAGE_STANDARD = gnu11;
				GCC_DYNAMIC_NO_PIC = NO;
				GCC_NO_COMMON_BLOCKS = YES;
				GCC_OPTIMIZATION_LEVEL = 0;
				GCC_PREPROCESSOR_DEFINITIONS = (
					"DEBUG=1",
					"$(inherited)",
				);
				GCC_WARN_64_TO_32_BIT_CONVERSION = YES;
				GCC_WARN_ABOUT_RETURN_TYPE = YES_ERROR;
				GCC_WARN_UNDECLARED_SELECTOR = YES;
				GCC_WARN_UNINITIALIZED_AUTOS = YES_AGGRESSIVE;
				GCC_WARN_UNUSED_FUNCTION = YES;
				GCC_WARN_UNUSED_VARIABLE = YES;
				IPHONEOS_DEPLOYMENT_TARGET = 16.1;
				MTL_ENABLE_DEBUG_INFO = INCLUDE_SOURCE;
				MTL_FAST_MATH = YES;
				ONLY_ACTIVE_ARCH = YES;
				SDKROOT = iphoneos;
				SWIFT_ACTIVE_COMPILATION_CONDITIONS = DEBUG;
				SWIFT_OPTIMIZATION_LEVEL = "-Onone";
			};
			name = Debug;
		};
		80A64A0F294D6491001317DD /* Release */ = {
			isa = XCBuildConfiguration;
			buildSettings = {
				ALWAYS_SEARCH_USER_PATHS = NO;
				CLANG_ANALYZER_NONNULL = YES;
				CLANG_ANALYZER_NUMBER_OBJECT_CONVERSION = YES_AGGRESSIVE;
				CLANG_CXX_LANGUAGE_STANDARD = "gnu++20";
				CLANG_ENABLE_MODULES = YES;
				CLANG_ENABLE_OBJC_ARC = YES;
				CLANG_ENABLE_OBJC_WEAK = YES;
				CLANG_WARN_BLOCK_CAPTURE_AUTORELEASING = YES;
				CLANG_WARN_BOOL_CONVERSION = YES;
				CLANG_WARN_COMMA = YES;
				CLANG_WARN_CONSTANT_CONVERSION = YES;
				CLANG_WARN_DEPRECATED_OBJC_IMPLEMENTATIONS = YES;
				CLANG_WARN_DIRECT_OBJC_ISA_USAGE = YES_ERROR;
				CLANG_WARN_DOCUMENTATION_COMMENTS = YES;
				CLANG_WARN_EMPTY_BODY = YES;
				CLANG_WARN_ENUM_CONVERSION = YES;
				CLANG_WARN_INFINITE_RECURSION = YES;
				CLANG_WARN_INT_CONVERSION = YES;
				CLANG_WARN_NON_LITERAL_NULL_CONVERSION = YES;
				CLANG_WARN_OBJC_IMPLICIT_RETAIN_SELF = YES;
				CLANG_WARN_OBJC_LITERAL_CONVERSION = YES;
				CLANG_WARN_OBJC_ROOT_CLASS = YES_ERROR;
				CLANG_WARN_QUOTED_INCLUDE_IN_FRAMEWORK_HEADER = YES;
				CLANG_WARN_RANGE_LOOP_ANALYSIS = YES;
				CLANG_WARN_STRICT_PROTOTYPES = YES;
				CLANG_WARN_SUSPICIOUS_MOVE = YES;
				CLANG_WARN_UNGUARDED_AVAILABILITY = YES_AGGRESSIVE;
				CLANG_WARN_UNREACHABLE_CODE = YES;
				CLANG_WARN__DUPLICATE_METHOD_MATCH = YES;
				COPY_PHASE_STRIP = NO;
				DEBUG_INFORMATION_FORMAT = "dwarf-with-dsym";
				ENABLE_NS_ASSERTIONS = NO;
				ENABLE_STRICT_OBJC_MSGSEND = YES;
				GCC_C_LANGUAGE_STANDARD = gnu11;
				GCC_NO_COMMON_BLOCKS = YES;
				GCC_WARN_64_TO_32_BIT_CONVERSION = YES;
				GCC_WARN_ABOUT_RETURN_TYPE = YES_ERROR;
				GCC_WARN_UNDECLARED_SELECTOR = YES;
				GCC_WARN_UNINITIALIZED_AUTOS = YES_AGGRESSIVE;
				GCC_WARN_UNUSED_FUNCTION = YES;
				GCC_WARN_UNUSED_VARIABLE = YES;
				IPHONEOS_DEPLOYMENT_TARGET = 16.1;
				MTL_ENABLE_DEBUG_INFO = NO;
				MTL_FAST_MATH = YES;
				SDKROOT = iphoneos;
				SWIFT_COMPILATION_MODE = wholemodule;
				SWIFT_OPTIMIZATION_LEVEL = "-O";
				VALIDATE_PRODUCT = YES;
			};
			name = Release;
		};
		80A64A11294D6491001317DD /* Debug */ = {
			isa = XCBuildConfiguration;
			buildSettings = {
				ASSETCATALOG_COMPILER_APPICON_NAME = AppIcon;
				ASSETCATALOG_COMPILER_GLOBAL_ACCENT_COLOR_NAME = AccentColor;
				CODE_SIGN_STYLE = Automatic;
				CURRENT_PROJECT_VERSION = 1;
				DEVELOPMENT_ASSET_PATHS = "\"uParker-SwiftUI/Preview Content\"";
				DEVELOPMENT_TEAM = FV4ACN6AD6;
				ENABLE_PREVIEWS = YES;
				GENERATE_INFOPLIST_FILE = YES;
				INFOPLIST_FILE = "uParker-SwiftUI/Info.plist";
				INFOPLIST_KEY_UIApplicationSupportsIndirectInputEvents = YES;
				INFOPLIST_KEY_UISupportedInterfaceOrientations_iPad = "UIInterfaceOrientationPortrait UIInterfaceOrientationPortraitUpsideDown UIInterfaceOrientationLandscapeLeft UIInterfaceOrientationLandscapeRight";
				INFOPLIST_KEY_UISupportedInterfaceOrientations_iPhone = "UIInterfaceOrientationPortrait UIInterfaceOrientationLandscapeLeft UIInterfaceOrientationLandscapeRight";
				LD_RUNPATH_SEARCH_PATHS = (
					"$(inherited)",
					"@executable_path/Frameworks",
				);
				MARKETING_VERSION = 1.0;
				PRODUCT_BUNDLE_IDENTIFIER = "xavware.uParker-SwiftUI";
				PRODUCT_NAME = "$(TARGET_NAME)";
				SWIFT_EMIT_LOC_STRINGS = YES;
				SWIFT_VERSION = 5.0;
				TARGETED_DEVICE_FAMILY = "1,2";
			};
			name = Debug;
		};
		80A64A12294D6491001317DD /* Release */ = {
			isa = XCBuildConfiguration;
			buildSettings = {
				ASSETCATALOG_COMPILER_APPICON_NAME = AppIcon;
				ASSETCATALOG_COMPILER_GLOBAL_ACCENT_COLOR_NAME = AccentColor;
				CODE_SIGN_STYLE = Automatic;
				CURRENT_PROJECT_VERSION = 1;
				DEVELOPMENT_ASSET_PATHS = "\"uParker-SwiftUI/Preview Content\"";
				DEVELOPMENT_TEAM = FV4ACN6AD6;
				ENABLE_PREVIEWS = YES;
				GENERATE_INFOPLIST_FILE = YES;
				INFOPLIST_FILE = "uParker-SwiftUI/Info.plist";
				INFOPLIST_KEY_UIApplicationSupportsIndirectInputEvents = YES;
				INFOPLIST_KEY_UISupportedInterfaceOrientations_iPad = "UIInterfaceOrientationPortrait UIInterfaceOrientationPortraitUpsideDown UIInterfaceOrientationLandscapeLeft UIInterfaceOrientationLandscapeRight";
				INFOPLIST_KEY_UISupportedInterfaceOrientations_iPhone = "UIInterfaceOrientationPortrait UIInterfaceOrientationLandscapeLeft UIInterfaceOrientationLandscapeRight";
				LD_RUNPATH_SEARCH_PATHS = (
					"$(inherited)",
					"@executable_path/Frameworks",
				);
				MARKETING_VERSION = 1.0;
				PRODUCT_BUNDLE_IDENTIFIER = "xavware.uParker-SwiftUI";
				PRODUCT_NAME = "$(TARGET_NAME)";
				SWIFT_EMIT_LOC_STRINGS = YES;
				SWIFT_VERSION = 5.0;
				TARGETED_DEVICE_FAMILY = "1,2";
			};
			name = Release;
		};
/* End XCBuildConfiguration section */

/* Begin XCConfigurationList section */
		80A649FD294D6490001317DD /* Build configuration list for PBXProject "uParker-SwiftUI" */ = {
			isa = XCConfigurationList;
			buildConfigurations = (
				80A64A0E294D6491001317DD /* Debug */,
				80A64A0F294D6491001317DD /* Release */,
			);
			defaultConfigurationIsVisible = 0;
			defaultConfigurationName = Release;
		};
		80A64A10294D6491001317DD /* Build configuration list for PBXNativeTarget "uParker-SwiftUI" */ = {
			isa = XCConfigurationList;
			buildConfigurations = (
				80A64A11294D6491001317DD /* Debug */,
				80A64A12294D6491001317DD /* Release */,
			);
			defaultConfigurationIsVisible = 0;
			defaultConfigurationName = Release;
		};
/* End XCConfigurationList section */

/* Begin XCRemoteSwiftPackageReference section */
		806073542966B6C600C4E136 /* XCRemoteSwiftPackageReference "mapbox-maps-ios" */ = {
			isa = XCRemoteSwiftPackageReference;
			repositoryURL = "https://github.com/mapbox/mapbox-maps-ios.git";
			requirement = {
				kind = upToNextMajorVersion;
				minimumVersion = 10.10.1;
			};
		};
/* End XCRemoteSwiftPackageReference section */

/* Begin XCSwiftPackageProductDependency section */
		806073552966B6C600C4E136 /* MapboxMaps */ = {
			isa = XCSwiftPackageProductDependency;
			package = 806073542966B6C600C4E136 /* XCRemoteSwiftPackageReference "mapbox-maps-ios" */;
			productName = MapboxMaps;
		};
/* End XCSwiftPackageProductDependency section */
	};
	rootObject = 80A649FA294D6490001317DD /* Project object */;
}
