// !$*UTF8*$!
{
	archiveVersion = 1;
	classes = {
	};
	objectVersion = 56;
	objects = {

/* Begin PBXBuildFile section */
		800772E72969ED3A00E7FEED /* Spot.swift in Sources */ = {isa = PBXBuildFile; fileRef = 800772E62969ED3A00E7FEED /* Spot.swift */; };
		800772EA2969F23000E7FEED /* MapboxGeocoder in Frameworks */ = {isa = PBXBuildFile; productRef = 800772E92969F23000E7FEED /* MapboxGeocoder */; };
		800772EC2969F27F00E7FEED /* MBGeocoder.swift in Sources */ = {isa = PBXBuildFile; fileRef = 800772EB2969F27F00E7FEED /* MBGeocoder.swift */; };
		800772F1296C61C600E7FEED /* SearchField.swift in Sources */ = {isa = PBXBuildFile; fileRef = 800772F0296C61C600E7FEED /* SearchField.swift */; };
		800772F9296C97DA00E7FEED /* SpotMapView.swift in Sources */ = {isa = PBXBuildFile; fileRef = 800772F8296C97DA00E7FEED /* SpotMapView.swift */; };
		800772FB296CCF3D00E7FEED /* SpotListView.swift in Sources */ = {isa = PBXBuildFile; fileRef = 800772FA296CCF3D00E7FEED /* SpotListView.swift */; };
		800B3BB129B676C2006EFDBE /* NotificationSettingView.swift in Sources */ = {isa = PBXBuildFile; fileRef = 800B3BB029B676C2006EFDBE /* NotificationSettingView.swift */; };
		801C4B1C29B8198B0064B825 /* HowItWorksView.swift in Sources */ = {isa = PBXBuildFile; fileRef = 801C4B1B29B8198B0064B825 /* HowItWorksView.swift */; };
		801C4B1E29B9787E0064B825 /* SpotListingView.swift in Sources */ = {isa = PBXBuildFile; fileRef = 801C4B1D29B9787E0064B825 /* SpotListingView.swift */; };
		80319134299D77F3003B457B /* VehiclePickerPanel.swift in Sources */ = {isa = PBXBuildFile; fileRef = 80319133299D77F3003B457B /* VehiclePickerPanel.swift */; };
		8036CB2E296DA2A300B1A2B9 /* Extensions.swift in Sources */ = {isa = PBXBuildFile; fileRef = 8036CB2D296DA2A300B1A2B9 /* Extensions.swift */; };
		8036F4DC298C4110009A9566 /* Unused in Resources */ = {isa = PBXBuildFile; fileRef = 8036F4DB298C4110009A9566 /* Unused */; };
		804287C129ADD4A400D9621C /* TermsConditionsView.swift in Sources */ = {isa = PBXBuildFile; fileRef = 804287C029ADD4A400D9621C /* TermsConditionsView.swift */; };
		804287C329ADDE3C00D9621C /* PrivacyPolicy.swift in Sources */ = {isa = PBXBuildFile; fileRef = 804287C229ADDE3C00D9621C /* PrivacyPolicy.swift */; };
		8047EDB8296E0BC600AF3896 /* ConfirmPhoneView.swift in Sources */ = {isa = PBXBuildFile; fileRef = 8047EDB7296E0BC600AF3896 /* ConfirmPhoneView.swift */; };
		804DAD53297A616C00B89AC6 /* Documentation in Resources */ = {isa = PBXBuildFile; fileRef = 804DAD52297A616C00B89AC6 /* Documentation */; };
		804DAD56297B369D00B89AC6 /* MapboxSearch in Frameworks */ = {isa = PBXBuildFile; productRef = 804DAD55297B369D00B89AC6 /* MapboxSearch */; };
		804DAD58297B369D00B89AC6 /* MapboxSearchUI in Frameworks */ = {isa = PBXBuildFile; productRef = 804DAD57297B369D00B89AC6 /* MapboxSearchUI */; };
		8050951C2991ACC20035BE56 /* AuthOptionsPanel.swift in Sources */ = {isa = PBXBuildFile; fileRef = 8050951B2991ACC20035BE56 /* AuthOptionsPanel.swift */; };
		8050951E2991AF100035BE56 /* LoginView.swift in Sources */ = {isa = PBXBuildFile; fileRef = 8050951D2991AF100035BE56 /* LoginView.swift */; };
		805095202991B54B0035BE56 /* AddPhoneView.swift in Sources */ = {isa = PBXBuildFile; fileRef = 8050951F2991B54B0035BE56 /* AddPhoneView.swift */; };
		8050952329920E860035BE56 /* SpotPageView.swift in Sources */ = {isa = PBXBuildFile; fileRef = 8050952229920E860035BE56 /* SpotPageView.swift */; };
		8055257F298B1BA200216586 /* PinView.swift in Sources */ = {isa = PBXBuildFile; fileRef = 8055257E298B1BA200216586 /* PinView.swift */; };
		80552582298B1EE300216586 /* ChatLogView.swift in Sources */ = {isa = PBXBuildFile; fileRef = 80552581298B1EE300216586 /* ChatLogView.swift */; };
		80607353296662F600C4E136 /* MainView.swift in Sources */ = {isa = PBXBuildFile; fileRef = 80607352296662F600C4E136 /* MainView.swift */; };
		806073562966B6C600C4E136 /* MapboxMaps in Frameworks */ = {isa = PBXBuildFile; productRef = 806073552966B6C600C4E136 /* MapboxMaps */; };
		806073582966B70B00C4E136 /* MapViewWrapper.swift in Sources */ = {isa = PBXBuildFile; fileRef = 806073572966B70B00C4E136 /* MapViewWrapper.swift */; };
		806548462972EBFC00943B72 /* ReservationsPicker.swift in Sources */ = {isa = PBXBuildFile; fileRef = 806548452972EBFC00943B72 /* ReservationsPicker.swift */; };
		8065484B2972EF6400943B72 /* Reservation.swift in Sources */ = {isa = PBXBuildFile; fileRef = 806548472972EF6400943B72 /* Reservation.swift */; };
		8065484C2972EF6400943B72 /* Vehicle.swift in Sources */ = {isa = PBXBuildFile; fileRef = 806548482972EF6400943B72 /* Vehicle.swift */; };
		8065484D2972EF6400943B72 /* PaymentMethod.swift in Sources */ = {isa = PBXBuildFile; fileRef = 806548492972EF6400943B72 /* PaymentMethod.swift */; };
		8065484E2972EF6400943B72 /* Review.swift in Sources */ = {isa = PBXBuildFile; fileRef = 8065484A2972EF6400943B72 /* Review.swift */; };
		806548502972F05600943B72 /* Data.swift in Sources */ = {isa = PBXBuildFile; fileRef = 8065484F2972F05600943B72 /* Data.swift */; };
		8065485229730D1B00943B72 /* LineCount in Resources */ = {isa = PBXBuildFile; fileRef = 8065485129730D1B00943B72 /* LineCount */; };
		8065485429731D4200943B72 /* ReservationPanelButton.swift in Sources */ = {isa = PBXBuildFile; fileRef = 8065485329731D4200943B72 /* ReservationPanelButton.swift */; };
		80654857297321EA00943B72 /* CurrentReservationView.swift in Sources */ = {isa = PBXBuildFile; fileRef = 80654856297321EA00943B72 /* CurrentReservationView.swift */; };
		80654859297322A500943B72 /* PastReservationsView.swift in Sources */ = {isa = PBXBuildFile; fileRef = 80654858297322A500943B72 /* PastReservationsView.swift */; };
		8065485B297322B900943B72 /* UpcomingReservationsView.swift in Sources */ = {isa = PBXBuildFile; fileRef = 8065485A297322B900943B72 /* UpcomingReservationsView.swift */; };
		806A376F297A3F3D00068FEA /* LocationManager.swift in Sources */ = {isa = PBXBuildFile; fileRef = 806A376E297A3F3D00068FEA /* LocationManager.swift */; };
		807151E5299B437B0009A99F /* VehicleOptions.json in Resources */ = {isa = PBXBuildFile; fileRef = 807151E4299B437B0009A99F /* VehicleOptions.json */; };
		808182B229B7DABF00B42232 /* BulletListItem.swift in Sources */ = {isa = PBXBuildFile; fileRef = 808182B129B7DABF00B42232 /* BulletListItem.swift */; };
		80903DC6298D6F070078881C /* Pin.swift in Sources */ = {isa = PBXBuildFile; fileRef = 80903DC5298D6F070078881C /* Pin.swift */; };
		80903DC8298D928C0078881C /* MapSettingsView.swift in Sources */ = {isa = PBXBuildFile; fileRef = 80903DC7298D928C0078881C /* MapSettingsView.swift */; };
		8090710029B64EA20015C590 /* NotificationsView.swift in Sources */ = {isa = PBXBuildFile; fileRef = 809070FF29B64EA20015C590 /* NotificationsView.swift */; };
		80A013442991999B004DBE4E /* SignUpView.swift in Sources */ = {isa = PBXBuildFile; fileRef = 80A013432991999B004DBE4E /* SignUpView.swift */; };
		80A64A06294D6490001317DD /* uParker_SwiftUIApp.swift in Sources */ = {isa = PBXBuildFile; fileRef = 80A64A05294D6490001317DD /* uParker_SwiftUIApp.swift */; };
		80A64A0A294D6491001317DD /* Assets.xcassets in Resources */ = {isa = PBXBuildFile; fileRef = 80A64A09294D6491001317DD /* Assets.xcassets */; };
		80A64A0D294D6491001317DD /* Preview Assets.xcassets in Resources */ = {isa = PBXBuildFile; fileRef = 80A64A0C294D6491001317DD /* Preview Assets.xcassets */; };
		80A64A1D294D6859001317DD /* Constants.swift in Sources */ = {isa = PBXBuildFile; fileRef = 80A64A1C294D6859001317DD /* Constants.swift */; };
		80A64A1F294D6B53001317DD /* UnderlinedTextField.swift in Sources */ = {isa = PBXBuildFile; fileRef = 80A64A1E294D6B53001317DD /* UnderlinedTextField.swift */; };
		80A64A26294D8F77001317DD /* ButtonModifier.swift in Sources */ = {isa = PBXBuildFile; fileRef = 80A64A25294D8F77001317DD /* ButtonModifier.swift */; };
		80A64A2B2953FFCB001317DD /* SessionManager.swift in Sources */ = {isa = PBXBuildFile; fileRef = 80A64A2A2953FFCB001317DD /* SessionManager.swift */; };
		80A64A2E2953FFF0001317DD /* User.swift in Sources */ = {isa = PBXBuildFile; fileRef = 80A64A2D2953FFF0001317DD /* User.swift */; };
		80AE3FAF2970989000A654E0 /* ConfirmEmailView.swift in Sources */ = {isa = PBXBuildFile; fileRef = 80AE3FAE2970989000A654E0 /* ConfirmEmailView.swift */; };
		80B0BD07299738410007EFE7 /* OrDivider.swift in Sources */ = {isa = PBXBuildFile; fileRef = 80B0BD06299738410007EFE7 /* OrDivider.swift */; };
		80BA6AAC2992A92000B6F598 /* ImagePicker.swift in Sources */ = {isa = PBXBuildFile; fileRef = 80BA6AAB2992A92000B6F598 /* ImagePicker.swift */; };
		80BA6AAF2992ACAC00B6F598 /* ProfileView.swift in Sources */ = {isa = PBXBuildFile; fileRef = 80BA6AAE2992ACAC00B6F598 /* ProfileView.swift */; };
		80C634BB29A84BA9003BC4C1 /* VehiclesView.swift in Sources */ = {isa = PBXBuildFile; fileRef = 80C634BA29A84BA9003BC4C1 /* VehiclesView.swift */; };
		80C9050829A94F35006AC211 /* AddVehicleView.swift in Sources */ = {isa = PBXBuildFile; fileRef = 80C9050729A94F35006AC211 /* AddVehicleView.swift */; };
		80CD7E7529AFEF2A00EE2F2F /* MoreInfoView.swift in Sources */ = {isa = PBXBuildFile; fileRef = 80CD7E7429AFEF2A00EE2F2F /* MoreInfoView.swift */; };
		80E6F1DA29B9234E00C894FA /* FAQsView.swift in Sources */ = {isa = PBXBuildFile; fileRef = 80E6F1D929B9234E00C894FA /* FAQsView.swift */; };
		80EAC1BF2968C38900F4DC09 /* ParkerSettingsView.swift in Sources */ = {isa = PBXBuildFile; fileRef = 80EAC1BE2968C38900F4DC09 /* ParkerSettingsView.swift */; };
		80EAC1C12968CAC700F4DC09 /* ContinueButton.swift in Sources */ = {isa = PBXBuildFile; fileRef = 80EAC1C02968CAC700F4DC09 /* ContinueButton.swift */; };
		80EAC1C52968CC1D00F4DC09 /* Modifiers.swift in Sources */ = {isa = PBXBuildFile; fileRef = 80EAC1C42968CC1D00F4DC09 /* Modifiers.swift */; };
		80EAC1C82968CEAB00F4DC09 /* NeedLoginView.swift in Sources */ = {isa = PBXBuildFile; fileRef = 80EAC1C72968CEAB00F4DC09 /* NeedLoginView.swift */; };
		80EAC1CA2968F2E400F4DC09 /* HeaderView.swift in Sources */ = {isa = PBXBuildFile; fileRef = 80EAC1C92968F2E400F4DC09 /* HeaderView.swift */; };
		80EAC1CE2969017900F4DC09 /* ParkerReservationsView.swift in Sources */ = {isa = PBXBuildFile; fileRef = 80EAC1CD2969017900F4DC09 /* ParkerReservationsView.swift */; };
		80EAC1D02969019600F4DC09 /* ParkerChatView.swift in Sources */ = {isa = PBXBuildFile; fileRef = 80EAC1CF2969019500F4DC09 /* ParkerChatView.swift */; };
		80EAC1D22969190D00F4DC09 /* SettingsButton.swift in Sources */ = {isa = PBXBuildFile; fileRef = 80EAC1D12969190D00F4DC09 /* SettingsButton.swift */; };
		80EAC1D429691D1C00F4DC09 /* ToDos in Resources */ = {isa = PBXBuildFile; fileRef = 80EAC1D329691D1C00F4DC09 /* ToDos */; };
		80EE942F2964E8A200A85CEF /* ParkerView.swift in Sources */ = {isa = PBXBuildFile; fileRef = 80EE942E2964E8A200A85CEF /* ParkerView.swift */; };
		80EE94312964E8C500A85CEF /* HostView.swift in Sources */ = {isa = PBXBuildFile; fileRef = 80EE94302964E8C500A85CEF /* HostView.swift */; };
		80EE94332964E93400A85CEF /* LoginSignUpView.swift in Sources */ = {isa = PBXBuildFile; fileRef = 80EE94322964E93400A85CEF /* LoginSignUpView.swift */; };
		80F372A42965FECB004A2570 /* ContinueWithButton.swift in Sources */ = {isa = PBXBuildFile; fileRef = 80F372A32965FECB004A2570 /* ContinueWithButton.swift */; };
		80F372A629660309004A2570 /* AnimatedTextField.swift in Sources */ = {isa = PBXBuildFile; fileRef = 80F372A529660309004A2570 /* AnimatedTextField.swift */; };
		80FC112C297E1D2900C5102A /* CompressedSearchBar.swift in Sources */ = {isa = PBXBuildFile; fileRef = 80FC112B297E1D2900C5102A /* CompressedSearchBar.swift */; };
		80FC112E297E203300C5102A /* SearchGroupHeader.swift in Sources */ = {isa = PBXBuildFile; fileRef = 80FC112D297E203300C5102A /* SearchGroupHeader.swift */; };
		80FC1130297E23D300C5102A /* SimpleSuggestion.swift in Sources */ = {isa = PBXBuildFile; fileRef = 80FC112F297E23D300C5102A /* SimpleSuggestion.swift */; };
		944DA845299C45FF00568765 /* PaymentMethodsView.swift in Sources */ = {isa = PBXBuildFile; fileRef = 944DA844299C45FF00568765 /* PaymentMethodsView.swift */; };
/* End PBXBuildFile section */

/* Begin PBXFileReference section */
		800772E62969ED3A00E7FEED /* Spot.swift */ = {isa = PBXFileReference; lastKnownFileType = sourcecode.swift; path = Spot.swift; sourceTree = "<group>"; };
		800772EB2969F27F00E7FEED /* MBGeocoder.swift */ = {isa = PBXFileReference; lastKnownFileType = sourcecode.swift; path = MBGeocoder.swift; sourceTree = "<group>"; };
		800772F0296C61C600E7FEED /* SearchField.swift */ = {isa = PBXFileReference; lastKnownFileType = sourcecode.swift; path = SearchField.swift; sourceTree = "<group>"; };
		800772F8296C97DA00E7FEED /* SpotMapView.swift */ = {isa = PBXFileReference; lastKnownFileType = sourcecode.swift; path = SpotMapView.swift; sourceTree = "<group>"; };
		800772FA296CCF3D00E7FEED /* SpotListView.swift */ = {isa = PBXFileReference; lastKnownFileType = sourcecode.swift; path = SpotListView.swift; sourceTree = "<group>"; };
		800B3BB029B676C2006EFDBE /* NotificationSettingView.swift */ = {isa = PBXFileReference; lastKnownFileType = sourcecode.swift; path = NotificationSettingView.swift; sourceTree = "<group>"; };
		801C4B1B29B8198B0064B825 /* HowItWorksView.swift */ = {isa = PBXFileReference; lastKnownFileType = sourcecode.swift; path = HowItWorksView.swift; sourceTree = "<group>"; };
		801C4B1D29B9787E0064B825 /* SpotListingView.swift */ = {isa = PBXFileReference; lastKnownFileType = sourcecode.swift; path = SpotListingView.swift; sourceTree = "<group>"; };
		80319133299D77F3003B457B /* VehiclePickerPanel.swift */ = {isa = PBXFileReference; lastKnownFileType = sourcecode.swift; path = VehiclePickerPanel.swift; sourceTree = "<group>"; };
		8036CB2D296DA2A300B1A2B9 /* Extensions.swift */ = {isa = PBXFileReference; lastKnownFileType = sourcecode.swift; path = Extensions.swift; sourceTree = "<group>"; };
		8036F4DB298C4110009A9566 /* Unused */ = {isa = PBXFileReference; lastKnownFileType = text; path = Unused; sourceTree = "<group>"; };
		804287C029ADD4A400D9621C /* TermsConditionsView.swift */ = {isa = PBXFileReference; lastKnownFileType = sourcecode.swift; path = TermsConditionsView.swift; sourceTree = "<group>"; };
		804287C229ADDE3C00D9621C /* PrivacyPolicy.swift */ = {isa = PBXFileReference; lastKnownFileType = sourcecode.swift; path = PrivacyPolicy.swift; sourceTree = "<group>"; };
		8047EDB7296E0BC600AF3896 /* ConfirmPhoneView.swift */ = {isa = PBXFileReference; lastKnownFileType = sourcecode.swift; path = ConfirmPhoneView.swift; sourceTree = "<group>"; };
		804DAD52297A616C00B89AC6 /* Documentation */ = {isa = PBXFileReference; lastKnownFileType = text; path = Documentation; sourceTree = "<group>"; };
		8050951B2991ACC20035BE56 /* AuthOptionsPanel.swift */ = {isa = PBXFileReference; lastKnownFileType = sourcecode.swift; path = AuthOptionsPanel.swift; sourceTree = "<group>"; };
		8050951D2991AF100035BE56 /* LoginView.swift */ = {isa = PBXFileReference; lastKnownFileType = sourcecode.swift; path = LoginView.swift; sourceTree = "<group>"; };
		8050951F2991B54B0035BE56 /* AddPhoneView.swift */ = {isa = PBXFileReference; lastKnownFileType = sourcecode.swift; path = AddPhoneView.swift; sourceTree = "<group>"; };
		8050952229920E860035BE56 /* SpotPageView.swift */ = {isa = PBXFileReference; lastKnownFileType = sourcecode.swift; path = SpotPageView.swift; sourceTree = "<group>"; };
		8055257E298B1BA200216586 /* PinView.swift */ = {isa = PBXFileReference; lastKnownFileType = sourcecode.swift; path = PinView.swift; sourceTree = "<group>"; };
		80552581298B1EE300216586 /* ChatLogView.swift */ = {isa = PBXFileReference; lastKnownFileType = sourcecode.swift; path = ChatLogView.swift; sourceTree = "<group>"; };
		80607352296662F600C4E136 /* MainView.swift */ = {isa = PBXFileReference; lastKnownFileType = sourcecode.swift; path = MainView.swift; sourceTree = "<group>"; };
		806073572966B70B00C4E136 /* MapViewWrapper.swift */ = {isa = PBXFileReference; lastKnownFileType = sourcecode.swift; path = MapViewWrapper.swift; sourceTree = "<group>"; };
		806548452972EBFC00943B72 /* ReservationsPicker.swift */ = {isa = PBXFileReference; lastKnownFileType = sourcecode.swift; path = ReservationsPicker.swift; sourceTree = "<group>"; };
		806548472972EF6400943B72 /* Reservation.swift */ = {isa = PBXFileReference; fileEncoding = 4; lastKnownFileType = sourcecode.swift; path = Reservation.swift; sourceTree = "<group>"; };
		806548482972EF6400943B72 /* Vehicle.swift */ = {isa = PBXFileReference; fileEncoding = 4; lastKnownFileType = sourcecode.swift; path = Vehicle.swift; sourceTree = "<group>"; };
		806548492972EF6400943B72 /* PaymentMethod.swift */ = {isa = PBXFileReference; fileEncoding = 4; lastKnownFileType = sourcecode.swift; path = PaymentMethod.swift; sourceTree = "<group>"; };
		8065484A2972EF6400943B72 /* Review.swift */ = {isa = PBXFileReference; fileEncoding = 4; lastKnownFileType = sourcecode.swift; path = Review.swift; sourceTree = "<group>"; };
		8065484F2972F05600943B72 /* Data.swift */ = {isa = PBXFileReference; lastKnownFileType = sourcecode.swift; path = Data.swift; sourceTree = "<group>"; };
		8065485129730D1B00943B72 /* LineCount */ = {isa = PBXFileReference; lastKnownFileType = text; path = LineCount; sourceTree = "<group>"; };
		8065485329731D4200943B72 /* ReservationPanelButton.swift */ = {isa = PBXFileReference; lastKnownFileType = sourcecode.swift; path = ReservationPanelButton.swift; sourceTree = "<group>"; };
		80654856297321EA00943B72 /* CurrentReservationView.swift */ = {isa = PBXFileReference; lastKnownFileType = sourcecode.swift; path = CurrentReservationView.swift; sourceTree = "<group>"; };
		80654858297322A500943B72 /* PastReservationsView.swift */ = {isa = PBXFileReference; lastKnownFileType = sourcecode.swift; path = PastReservationsView.swift; sourceTree = "<group>"; };
		8065485A297322B900943B72 /* UpcomingReservationsView.swift */ = {isa = PBXFileReference; lastKnownFileType = sourcecode.swift; path = UpcomingReservationsView.swift; sourceTree = "<group>"; };
		806A376E297A3F3D00068FEA /* LocationManager.swift */ = {isa = PBXFileReference; lastKnownFileType = sourcecode.swift; path = LocationManager.swift; sourceTree = "<group>"; };
		807151E4299B437B0009A99F /* VehicleOptions.json */ = {isa = PBXFileReference; lastKnownFileType = text.json; path = VehicleOptions.json; sourceTree = "<group>"; xcLanguageSpecificationIdentifier = xcode.lang.json; };
		808182B129B7DABF00B42232 /* BulletListItem.swift */ = {isa = PBXFileReference; lastKnownFileType = sourcecode.swift; path = BulletListItem.swift; sourceTree = "<group>"; };
		80903DC5298D6F070078881C /* Pin.swift */ = {isa = PBXFileReference; lastKnownFileType = sourcecode.swift; path = Pin.swift; sourceTree = "<group>"; };
		80903DC7298D928C0078881C /* MapSettingsView.swift */ = {isa = PBXFileReference; lastKnownFileType = sourcecode.swift; path = MapSettingsView.swift; sourceTree = "<group>"; };
		809070FF29B64EA20015C590 /* NotificationsView.swift */ = {isa = PBXFileReference; lastKnownFileType = sourcecode.swift; path = NotificationsView.swift; sourceTree = "<group>"; };
		80A013432991999B004DBE4E /* SignUpView.swift */ = {isa = PBXFileReference; lastKnownFileType = sourcecode.swift; path = SignUpView.swift; sourceTree = "<group>"; };
		80A64A02294D6490001317DD /* uParker-SwiftUI.app */ = {isa = PBXFileReference; explicitFileType = wrapper.application; includeInIndex = 0; path = "uParker-SwiftUI.app"; sourceTree = BUILT_PRODUCTS_DIR; };
		80A64A05294D6490001317DD /* uParker_SwiftUIApp.swift */ = {isa = PBXFileReference; lastKnownFileType = sourcecode.swift; path = uParker_SwiftUIApp.swift; sourceTree = "<group>"; };
		80A64A09294D6491001317DD /* Assets.xcassets */ = {isa = PBXFileReference; lastKnownFileType = folder.assetcatalog; path = Assets.xcassets; sourceTree = "<group>"; };
		80A64A0C294D6491001317DD /* Preview Assets.xcassets */ = {isa = PBXFileReference; lastKnownFileType = folder.assetcatalog; path = "Preview Assets.xcassets"; sourceTree = "<group>"; };
		80A64A1C294D6859001317DD /* Constants.swift */ = {isa = PBXFileReference; lastKnownFileType = sourcecode.swift; path = Constants.swift; sourceTree = "<group>"; };
		80A64A1E294D6B53001317DD /* UnderlinedTextField.swift */ = {isa = PBXFileReference; lastKnownFileType = sourcecode.swift; path = UnderlinedTextField.swift; sourceTree = "<group>"; };
		80A64A25294D8F77001317DD /* ButtonModifier.swift */ = {isa = PBXFileReference; lastKnownFileType = sourcecode.swift; path = ButtonModifier.swift; sourceTree = "<group>"; };
		80A64A292953FB46001317DD /* Info.plist */ = {isa = PBXFileReference; lastKnownFileType = text.plist; path = Info.plist; sourceTree = "<group>"; };
		80A64A2A2953FFCB001317DD /* SessionManager.swift */ = {isa = PBXFileReference; lastKnownFileType = sourcecode.swift; path = SessionManager.swift; sourceTree = "<group>"; };
		80A64A2D2953FFF0001317DD /* User.swift */ = {isa = PBXFileReference; lastKnownFileType = sourcecode.swift; path = User.swift; sourceTree = "<group>"; };
		80AE3FAE2970989000A654E0 /* ConfirmEmailView.swift */ = {isa = PBXFileReference; lastKnownFileType = sourcecode.swift; path = ConfirmEmailView.swift; sourceTree = "<group>"; };
		80B0BD06299738410007EFE7 /* OrDivider.swift */ = {isa = PBXFileReference; lastKnownFileType = sourcecode.swift; path = OrDivider.swift; sourceTree = "<group>"; };
		80BA6AAB2992A92000B6F598 /* ImagePicker.swift */ = {isa = PBXFileReference; fileEncoding = 4; lastKnownFileType = sourcecode.swift; path = ImagePicker.swift; sourceTree = "<group>"; };
		80BA6AAE2992ACAC00B6F598 /* ProfileView.swift */ = {isa = PBXFileReference; lastKnownFileType = sourcecode.swift; path = ProfileView.swift; sourceTree = "<group>"; };
		80C634BA29A84BA9003BC4C1 /* VehiclesView.swift */ = {isa = PBXFileReference; lastKnownFileType = sourcecode.swift; path = VehiclesView.swift; sourceTree = "<group>"; };
		80C9050729A94F35006AC211 /* AddVehicleView.swift */ = {isa = PBXFileReference; lastKnownFileType = sourcecode.swift; path = AddVehicleView.swift; sourceTree = "<group>"; };
		80CD7E7429AFEF2A00EE2F2F /* MoreInfoView.swift */ = {isa = PBXFileReference; lastKnownFileType = sourcecode.swift; path = MoreInfoView.swift; sourceTree = "<group>"; };
		80E6F1D929B9234E00C894FA /* FAQsView.swift */ = {isa = PBXFileReference; lastKnownFileType = sourcecode.swift; path = FAQsView.swift; sourceTree = "<group>"; };
		80EAC1BE2968C38900F4DC09 /* ParkerSettingsView.swift */ = {isa = PBXFileReference; lastKnownFileType = sourcecode.swift; path = ParkerSettingsView.swift; sourceTree = "<group>"; };
		80EAC1C02968CAC700F4DC09 /* ContinueButton.swift */ = {isa = PBXFileReference; lastKnownFileType = sourcecode.swift; path = ContinueButton.swift; sourceTree = "<group>"; };
		80EAC1C42968CC1D00F4DC09 /* Modifiers.swift */ = {isa = PBXFileReference; lastKnownFileType = sourcecode.swift; path = Modifiers.swift; sourceTree = "<group>"; };
		80EAC1C72968CEAB00F4DC09 /* NeedLoginView.swift */ = {isa = PBXFileReference; lastKnownFileType = sourcecode.swift; path = NeedLoginView.swift; sourceTree = "<group>"; };
		80EAC1C92968F2E400F4DC09 /* HeaderView.swift */ = {isa = PBXFileReference; lastKnownFileType = sourcecode.swift; path = HeaderView.swift; sourceTree = "<group>"; };
		80EAC1CD2969017900F4DC09 /* ParkerReservationsView.swift */ = {isa = PBXFileReference; lastKnownFileType = sourcecode.swift; path = ParkerReservationsView.swift; sourceTree = "<group>"; };
		80EAC1CF2969019500F4DC09 /* ParkerChatView.swift */ = {isa = PBXFileReference; lastKnownFileType = sourcecode.swift; path = ParkerChatView.swift; sourceTree = "<group>"; };
		80EAC1D12969190D00F4DC09 /* SettingsButton.swift */ = {isa = PBXFileReference; lastKnownFileType = sourcecode.swift; path = SettingsButton.swift; sourceTree = "<group>"; };
		80EAC1D329691D1C00F4DC09 /* ToDos */ = {isa = PBXFileReference; lastKnownFileType = text; path = ToDos; sourceTree = "<group>"; };
		80EE942E2964E8A200A85CEF /* ParkerView.swift */ = {isa = PBXFileReference; lastKnownFileType = sourcecode.swift; path = ParkerView.swift; sourceTree = "<group>"; };
		80EE94302964E8C500A85CEF /* HostView.swift */ = {isa = PBXFileReference; lastKnownFileType = sourcecode.swift; path = HostView.swift; sourceTree = "<group>"; };
		80EE94322964E93400A85CEF /* LoginSignUpView.swift */ = {isa = PBXFileReference; lastKnownFileType = sourcecode.swift; path = LoginSignUpView.swift; sourceTree = "<group>"; };
		80F372A32965FECB004A2570 /* ContinueWithButton.swift */ = {isa = PBXFileReference; lastKnownFileType = sourcecode.swift; path = ContinueWithButton.swift; sourceTree = "<group>"; };
		80F372A529660309004A2570 /* AnimatedTextField.swift */ = {isa = PBXFileReference; lastKnownFileType = sourcecode.swift; path = AnimatedTextField.swift; sourceTree = "<group>"; };
		80FC112B297E1D2900C5102A /* CompressedSearchBar.swift */ = {isa = PBXFileReference; lastKnownFileType = sourcecode.swift; path = CompressedSearchBar.swift; sourceTree = "<group>"; };
		80FC112D297E203300C5102A /* SearchGroupHeader.swift */ = {isa = PBXFileReference; lastKnownFileType = sourcecode.swift; path = SearchGroupHeader.swift; sourceTree = "<group>"; };
		80FC112F297E23D300C5102A /* SimpleSuggestion.swift */ = {isa = PBXFileReference; lastKnownFileType = sourcecode.swift; path = SimpleSuggestion.swift; sourceTree = "<group>"; };
		944DA844299C45FF00568765 /* PaymentMethodsView.swift */ = {isa = PBXFileReference; lastKnownFileType = sourcecode.swift; path = PaymentMethodsView.swift; sourceTree = "<group>"; };
/* End PBXFileReference section */

/* Begin PBXFrameworksBuildPhase section */
		80A649FF294D6490001317DD /* Frameworks */ = {
			isa = PBXFrameworksBuildPhase;
			buildActionMask = 2147483647;
			files = (
				804DAD56297B369D00B89AC6 /* MapboxSearch in Frameworks */,
				804DAD58297B369D00B89AC6 /* MapboxSearchUI in Frameworks */,
				806073562966B6C600C4E136 /* MapboxMaps in Frameworks */,
				800772EA2969F23000E7FEED /* MapboxGeocoder in Frameworks */,
			);
			runOnlyForDeploymentPostprocessing = 0;
		};
/* End PBXFrameworksBuildPhase section */

/* Begin PBXGroup section */
		800B3BB229B676C8006EFDBE /* Notifications */ = {
			isa = PBXGroup;
			children = (
				809070FF29B64EA20015C590 /* NotificationsView.swift */,
				800B3BB029B676C2006EFDBE /* NotificationSettingView.swift */,
			);
			path = Notifications;
			sourceTree = "<group>";
		};
		800B3BB329B67FC3006EFDBE /* PaymentMethods */ = {
			isa = PBXGroup;
			children = (
				944DA844299C45FF00568765 /* PaymentMethodsView.swift */,
			);
			path = PaymentMethods;
			sourceTree = "<group>";
		};
		804287C429ADE26300D9621C /* Vehicles */ = {
			isa = PBXGroup;
			children = (
				80319133299D77F3003B457B /* VehiclePickerPanel.swift */,
				80C634BA29A84BA9003BC4C1 /* VehiclesView.swift */,
				80C9050729A94F35006AC211 /* AddVehicleView.swift */,
			);
			path = Vehicles;
			sourceTree = "<group>";
		};
		804287C529ADE27900D9621C /* Account */ = {
			isa = PBXGroup;
			children = (
				80BA6AAE2992ACAC00B6F598 /* ProfileView.swift */,
			);
			path = Account;
			sourceTree = "<group>";
		};
		8047EDB3296E013100AF3896 /* SpotSearch */ = {
			isa = PBXGroup;
			children = (
				80FC112B297E1D2900C5102A /* CompressedSearchBar.swift */,
				806073572966B70B00C4E136 /* MapViewWrapper.swift */,
				80903DC7298D928C0078881C /* MapSettingsView.swift */,
				800772F0296C61C600E7FEED /* SearchField.swift */,
				800772FA296CCF3D00E7FEED /* SpotListView.swift */,
				801C4B1D29B9787E0064B825 /* SpotListingView.swift */,
				800772F8296C97DA00E7FEED /* SpotMapView.swift */,
				8050952229920E860035BE56 /* SpotPageView.swift */,
				8055257E298B1BA200216586 /* PinView.swift */,
			);
			path = SpotSearch;
			sourceTree = "<group>";
		};
		8047EDB4296E013D00AF3896 /* Login */ = {
			isa = PBXGroup;
			children = (
				8050951F2991B54B0035BE56 /* AddPhoneView.swift */,
				8050951B2991ACC20035BE56 /* AuthOptionsPanel.swift */,
				8050951D2991AF100035BE56 /* LoginView.swift */,
				80A013432991999B004DBE4E /* SignUpView.swift */,
			);
			path = Login;
			sourceTree = "<group>";
		};
		8047EDB5296E014300AF3896 /* Host */ = {
			isa = PBXGroup;
			children = (
				80EE94302964E8C500A85CEF /* HostView.swift */,
			);
			path = Host;
			sourceTree = "<group>";
		};
		8047EDB6296E014C00AF3896 /* Parker */ = {
			isa = PBXGroup;
			children = (
				80552580298B1EBB00216586 /* Chat */,
				80654855297321D100943B72 /* Reservations */,
				80BA6AAD2992AC9C00B6F598 /* Settings */,
				8047EDB3296E013100AF3896 /* SpotSearch */,
				80EE942E2964E8A200A85CEF /* ParkerView.swift */,
			);
			path = Parker;
			sourceTree = "<group>";
		};
		805095212991B7190035BE56 /* Unused */ = {
			isa = PBXGroup;
			children = (
				80F372A32965FECB004A2570 /* ContinueWithButton.swift */,
				80EAC1D12969190D00F4DC09 /* SettingsButton.swift */,
				80A64A1E294D6B53001317DD /* UnderlinedTextField.swift */,
				8047EDB7296E0BC600AF3896 /* ConfirmPhoneView.swift */,
				80EAC1C02968CAC700F4DC09 /* ContinueButton.swift */,
				80A64A25294D8F77001317DD /* ButtonModifier.swift */,
				80EE94322964E93400A85CEF /* LoginSignUpView.swift */,
				80AE3FAE2970989000A654E0 /* ConfirmEmailView.swift */,
			);
			path = Unused;
			sourceTree = "<group>";
		};
		80552580298B1EBB00216586 /* Chat */ = {
			isa = PBXGroup;
			children = (
				80EAC1CF2969019500F4DC09 /* ParkerChatView.swift */,
				80552581298B1EE300216586 /* ChatLogView.swift */,
			);
			path = Chat;
			sourceTree = "<group>";
		};
		80654855297321D100943B72 /* Reservations */ = {
			isa = PBXGroup;
			children = (
				80654856297321EA00943B72 /* CurrentReservationView.swift */,
				80EAC1CD2969017900F4DC09 /* ParkerReservationsView.swift */,
				80654858297322A500943B72 /* PastReservationsView.swift */,
				8065485A297322B900943B72 /* UpcomingReservationsView.swift */,
			);
			path = Reservations;
			sourceTree = "<group>";
		};
		80A649F9294D6490001317DD = {
			isa = PBXGroup;
			children = (
				80A64A04294D6490001317DD /* uParker-SwiftUI */,
				80A64A03294D6490001317DD /* Products */,
			);
			sourceTree = "<group>";
		};
		80A64A03294D6490001317DD /* Products */ = {
			isa = PBXGroup;
			children = (
				80A64A02294D6490001317DD /* uParker-SwiftUI.app */,
			);
			name = Products;
			sourceTree = "<group>";
		};
		80A64A04294D6490001317DD /* uParker-SwiftUI */ = {
			isa = PBXGroup;
			children = (
				805095212991B7190035BE56 /* Unused */,
				80A64A292953FB46001317DD /* Info.plist */,
				80A64A23294D8A49001317DD /* App */,
				80A64A22294D8A2C001317DD /* CustomComponents */,
				80A64A2C2953FFE7001317DD /* Model */,
				80A64A1B294D6716001317DD /* Views */,
				80A64A09294D6491001317DD /* Assets.xcassets */,
				80A64A0B294D6491001317DD /* Preview Content */,
			);
			path = "uParker-SwiftUI";
			sourceTree = "<group>";
		};
		80A64A0B294D6491001317DD /* Preview Content */ = {
			isa = PBXGroup;
			children = (
				80A64A0C294D6491001317DD /* Preview Assets.xcassets */,
			);
			path = "Preview Content";
			sourceTree = "<group>";
		};
		80A64A1B294D6716001317DD /* Views */ = {
			isa = PBXGroup;
			children = (
				8047EDB6296E014C00AF3896 /* Parker */,
				8047EDB5296E014300AF3896 /* Host */,
				8047EDB4296E013D00AF3896 /* Login */,
				80607352296662F600C4E136 /* MainView.swift */,
			);
			path = Views;
			sourceTree = "<group>";
		};
		80A64A22294D8A2C001317DD /* CustomComponents */ = {
			isa = PBXGroup;
			children = (
				80F372A529660309004A2570 /* AnimatedTextField.swift */,
				80EAC1C92968F2E400F4DC09 /* HeaderView.swift */,
				80BA6AAB2992A92000B6F598 /* ImagePicker.swift */,
				80EAC1C72968CEAB00F4DC09 /* NeedLoginView.swift */,
				80B0BD06299738410007EFE7 /* OrDivider.swift */,
				8065485329731D4200943B72 /* ReservationPanelButton.swift */,
				806548452972EBFC00943B72 /* ReservationsPicker.swift */,
				80FC112D297E203300C5102A /* SearchGroupHeader.swift */,
			);
			path = CustomComponents;
			sourceTree = "<group>";
		};
		80A64A23294D8A49001317DD /* App */ = {
			isa = PBXGroup;
			children = (
				80A64A05294D6490001317DD /* uParker_SwiftUIApp.swift */,
				80A64A1C294D6859001317DD /* Constants.swift */,
				8065484F2972F05600943B72 /* Data.swift */,
				8036CB2D296DA2A300B1A2B9 /* Extensions.swift */,
				806A376E297A3F3D00068FEA /* LocationManager.swift */,
				800772EB2969F27F00E7FEED /* MBGeocoder.swift */,
				80EAC1C42968CC1D00F4DC09 /* Modifiers.swift */,
				80A64A2A2953FFCB001317DD /* SessionManager.swift */,
				80EAC1D329691D1C00F4DC09 /* ToDos */,
				8065485129730D1B00943B72 /* LineCount */,
				804DAD52297A616C00B89AC6 /* Documentation */,
				8036F4DB298C4110009A9566 /* Unused */,
				807151E4299B437B0009A99F /* VehicleOptions.json */,
			);
			path = App;
			sourceTree = "<group>";
		};
		80A64A2C2953FFE7001317DD /* Model */ = {
			isa = PBXGroup;
			children = (
				806548492972EF6400943B72 /* PaymentMethod.swift */,
				80903DC5298D6F070078881C /* Pin.swift */,
				806548472972EF6400943B72 /* Reservation.swift */,
				8065484A2972EF6400943B72 /* Review.swift */,
				80FC112F297E23D300C5102A /* SimpleSuggestion.swift */,
				800772E62969ED3A00E7FEED /* Spot.swift */,
				80A64A2D2953FFF0001317DD /* User.swift */,
				806548482972EF6400943B72 /* Vehicle.swift */,
			);
			path = Model;
			sourceTree = "<group>";
		};
		80BA6AAD2992AC9C00B6F598 /* Settings */ = {
			isa = PBXGroup;
			children = (
				804287C529ADE27900D9621C /* Account */,
				80CD7E7329AFEF0C00EE2F2F /* Info */,
				800B3BB229B676C8006EFDBE /* Notifications */,
				800B3BB329B67FC3006EFDBE /* PaymentMethods */,
				804287C429ADE26300D9621C /* Vehicles */,
				80EAC1BE2968C38900F4DC09 /* ParkerSettingsView.swift */,
			);
			path = Settings;
			sourceTree = "<group>";
		};
		80CD7E7329AFEF0C00EE2F2F /* Info */ = {
			isa = PBXGroup;
			children = (
				808182B129B7DABF00B42232 /* BulletListItem.swift */,
				80E6F1D929B9234E00C894FA /* FAQsView.swift */,
				801C4B1B29B8198B0064B825 /* HowItWorksView.swift */,
				80CD7E7429AFEF2A00EE2F2F /* MoreInfoView.swift */,
				804287C229ADDE3C00D9621C /* PrivacyPolicy.swift */,
				804287C029ADD4A400D9621C /* TermsConditionsView.swift */,
			);
			path = Info;
			sourceTree = "<group>";
		};
/* End PBXGroup section */

/* Begin PBXNativeTarget section */
		80A64A01294D6490001317DD /* uParker-SwiftUI */ = {
			isa = PBXNativeTarget;
			buildConfigurationList = 80A64A10294D6491001317DD /* Build configuration list for PBXNativeTarget "uParker-SwiftUI" */;
			buildPhases = (
				80A649FE294D6490001317DD /* Sources */,
				80A649FF294D6490001317DD /* Frameworks */,
				80A64A00294D6490001317DD /* Resources */,
			);
			buildRules = (
			);
			dependencies = (
			);
			name = "uParker-SwiftUI";
			packageProductDependencies = (
				806073552966B6C600C4E136 /* MapboxMaps */,
				800772E92969F23000E7FEED /* MapboxGeocoder */,
				804DAD55297B369D00B89AC6 /* MapboxSearch */,
				804DAD57297B369D00B89AC6 /* MapboxSearchUI */,
			);
			productName = "uParker-SwiftUI";
			productReference = 80A64A02294D6490001317DD /* uParker-SwiftUI.app */;
			productType = "com.apple.product-type.application";
		};
/* End PBXNativeTarget section */

/* Begin PBXProject section */
		80A649FA294D6490001317DD /* Project object */ = {
			isa = PBXProject;
			attributes = {
				BuildIndependentTargetsInParallel = 1;
				LastSwiftUpdateCheck = 1410;
				LastUpgradeCheck = 1410;
				TargetAttributes = {
					80A64A01294D6490001317DD = {
						CreatedOnToolsVersion = 14.1;
					};
				};
			};
			buildConfigurationList = 80A649FD294D6490001317DD /* Build configuration list for PBXProject "uParker-SwiftUI" */;
			compatibilityVersion = "Xcode 14.0";
			developmentRegion = en;
			hasScannedForEncodings = 0;
			knownRegions = (
				en,
				Base,
			);
			mainGroup = 80A649F9294D6490001317DD;
			packageReferences = (
				806073542966B6C600C4E136 /* XCRemoteSwiftPackageReference "mapbox-maps-ios" */,
				800772E82969F23000E7FEED /* XCRemoteSwiftPackageReference "MapboxGeocoder.swift" */,
				804DAD54297B369D00B89AC6 /* XCRemoteSwiftPackageReference "search-ios" */,
			);
			productRefGroup = 80A64A03294D6490001317DD /* Products */;
			projectDirPath = "";
			projectRoot = "";
			targets = (
				80A64A01294D6490001317DD /* uParker-SwiftUI */,
			);
		};
/* End PBXProject section */

/* Begin PBXResourcesBuildPhase section */
		80A64A00294D6490001317DD /* Resources */ = {
			isa = PBXResourcesBuildPhase;
			buildActionMask = 2147483647;
			files = (
				80EAC1D429691D1C00F4DC09 /* ToDos in Resources */,
				80A64A0D294D6491001317DD /* Preview Assets.xcassets in Resources */,
				807151E5299B437B0009A99F /* VehicleOptions.json in Resources */,
				8036F4DC298C4110009A9566 /* Unused in Resources */,
				8065485229730D1B00943B72 /* LineCount in Resources */,
				804DAD53297A616C00B89AC6 /* Documentation in Resources */,
				80A64A0A294D6491001317DD /* Assets.xcassets in Resources */,
			);
			runOnlyForDeploymentPostprocessing = 0;
		};
/* End PBXResourcesBuildPhase section */

/* Begin PBXSourcesBuildPhase section */
		80A649FE294D6490001317DD /* Sources */ = {
			isa = PBXSourcesBuildPhase;
			buildActionMask = 2147483647;
			files = (
				800772F9296C97DA00E7FEED /* SpotMapView.swift in Sources */,
				80A64A26294D8F77001317DD /* ButtonModifier.swift in Sources */,
				80903DC8298D928C0078881C /* MapSettingsView.swift in Sources */,
				8065484B2972EF6400943B72 /* Reservation.swift in Sources */,
				80CD7E7529AFEF2A00EE2F2F /* MoreInfoView.swift in Sources */,
				8055257F298B1BA200216586 /* PinView.swift in Sources */,
				80EE942F2964E8A200A85CEF /* ParkerView.swift in Sources */,
				80F372A42965FECB004A2570 /* ContinueWithButton.swift in Sources */,
				80EE94312964E8C500A85CEF /* HostView.swift in Sources */,
				80F372A629660309004A2570 /* AnimatedTextField.swift in Sources */,
				8065485429731D4200943B72 /* ReservationPanelButton.swift in Sources */,
				8065484E2972EF6400943B72 /* Review.swift in Sources */,
				80C634BB29A84BA9003BC4C1 /* VehiclesView.swift in Sources */,
				80E6F1DA29B9234E00C894FA /* FAQsView.swift in Sources */,
				80A64A1F294D6B53001317DD /* UnderlinedTextField.swift in Sources */,
				80552582298B1EE300216586 /* ChatLogView.swift in Sources */,
				80EAC1C82968CEAB00F4DC09 /* NeedLoginView.swift in Sources */,
				800772FB296CCF3D00E7FEED /* SpotListView.swift in Sources */,
				80EE94332964E93400A85CEF /* LoginSignUpView.swift in Sources */,
				8050951C2991ACC20035BE56 /* AuthOptionsPanel.swift in Sources */,
				8065485B297322B900943B72 /* UpcomingReservationsView.swift in Sources */,
				806548462972EBFC00943B72 /* ReservationsPicker.swift in Sources */,
				806A376F297A3F3D00068FEA /* LocationManager.swift in Sources */,
				80EAC1D02969019600F4DC09 /* ParkerChatView.swift in Sources */,
				80FC1130297E23D300C5102A /* SimpleSuggestion.swift in Sources */,
				80654857297321EA00943B72 /* CurrentReservationView.swift in Sources */,
				806073582966B70B00C4E136 /* MapViewWrapper.swift in Sources */,
				80607353296662F600C4E136 /* MainView.swift in Sources */,
				8065484D2972EF6400943B72 /* PaymentMethod.swift in Sources */,
				80EAC1C12968CAC700F4DC09 /* ContinueButton.swift in Sources */,
				801C4B1C29B8198B0064B825 /* HowItWorksView.swift in Sources */,
				80A64A2E2953FFF0001317DD /* User.swift in Sources */,
				80BA6AAF2992ACAC00B6F598 /* ProfileView.swift in Sources */,
				805095202991B54B0035BE56 /* AddPhoneView.swift in Sources */,
				80A64A06294D6490001317DD /* uParker_SwiftUIApp.swift in Sources */,
				80A013442991999B004DBE4E /* SignUpView.swift in Sources */,
				80319134299D77F3003B457B /* VehiclePickerPanel.swift in Sources */,
				808182B229B7DABF00B42232 /* BulletListItem.swift in Sources */,
				80EAC1D22969190D00F4DC09 /* SettingsButton.swift in Sources */,
				80EAC1C52968CC1D00F4DC09 /* Modifiers.swift in Sources */,
				804287C329ADDE3C00D9621C /* PrivacyPolicy.swift in Sources */,
				80C9050829A94F35006AC211 /* AddVehicleView.swift in Sources */,
				80B0BD07299738410007EFE7 /* OrDivider.swift in Sources */,
				800772F1296C61C600E7FEED /* SearchField.swift in Sources */,
				80FC112E297E203300C5102A /* SearchGroupHeader.swift in Sources */,
				80A64A2B2953FFCB001317DD /* SessionManager.swift in Sources */,
				80EAC1BF2968C38900F4DC09 /* ParkerSettingsView.swift in Sources */,
				80EAC1CE2969017900F4DC09 /* ParkerReservationsView.swift in Sources */,
				80FC112C297E1D2900C5102A /* CompressedSearchBar.swift in Sources */,
				8050951E2991AF100035BE56 /* LoginView.swift in Sources */,
				806548502972F05600943B72 /* Data.swift in Sources */,
				800772E72969ED3A00E7FEED /* Spot.swift in Sources */,
				80654859297322A500943B72 /* PastReservationsView.swift in Sources */,
				944DA845299C45FF00568765 /* PaymentMethodsView.swift in Sources */,
				80AE3FAF2970989000A654E0 /* ConfirmEmailView.swift in Sources */,
				8065484C2972EF6400943B72 /* Vehicle.swift in Sources */,
				80EAC1CA2968F2E400F4DC09 /* HeaderView.swift in Sources */,
				804287C129ADD4A400D9621C /* TermsConditionsView.swift in Sources */,
				8047EDB8296E0BC600AF3896 /* ConfirmPhoneView.swift in Sources */,
				8050952329920E860035BE56 /* SpotPageView.swift in Sources */,
				800B3BB129B676C2006EFDBE /* NotificationSettingView.swift in Sources */,
				8090710029B64EA20015C590 /* NotificationsView.swift in Sources */,
				800772EC2969F27F00E7FEED /* MBGeocoder.swift in Sources */,
				801C4B1E29B9787E0064B825 /* SpotListingView.swift in Sources */,
				80903DC6298D6F070078881C /* Pin.swift in Sources */,
				8036CB2E296DA2A300B1A2B9 /* Extensions.swift in Sources */,
				80BA6AAC2992A92000B6F598 /* ImagePicker.swift in Sources */,
				80A64A1D294D6859001317DD /* Constants.swift in Sources */,
			);
			runOnlyForDeploymentPostprocessing = 0;
		};
/* End PBXSourcesBuildPhase section */

/* Begin XCBuildConfiguration section */
		80A64A0E294D6491001317DD /* Debug */ = {
			isa = XCBuildConfiguration;
			buildSettings = {
				ALWAYS_SEARCH_USER_PATHS = NO;
				CLANG_ANALYZER_NONNULL = YES;
				CLANG_ANALYZER_NUMBER_OBJECT_CONVERSION = YES_AGGRESSIVE;
				CLANG_CXX_LANGUAGE_STANDARD = "gnu++20";
				CLANG_ENABLE_MODULES = YES;
				CLANG_ENABLE_OBJC_ARC = YES;
				CLANG_ENABLE_OBJC_WEAK = YES;
				CLANG_WARN_BLOCK_CAPTURE_AUTORELEASING = YES;
				CLANG_WARN_BOOL_CONVERSION = YES;
				CLANG_WARN_COMMA = YES;
				CLANG_WARN_CONSTANT_CONVERSION = YES;
				CLANG_WARN_DEPRECATED_OBJC_IMPLEMENTATIONS = YES;
				CLANG_WARN_DIRECT_OBJC_ISA_USAGE = YES_ERROR;
				CLANG_WARN_DOCUMENTATION_COMMENTS = YES;
				CLANG_WARN_EMPTY_BODY = YES;
				CLANG_WARN_ENUM_CONVERSION = YES;
				CLANG_WARN_INFINITE_RECURSION = YES;
				CLANG_WARN_INT_CONVERSION = YES;
				CLANG_WARN_NON_LITERAL_NULL_CONVERSION = YES;
				CLANG_WARN_OBJC_IMPLICIT_RETAIN_SELF = YES;
				CLANG_WARN_OBJC_LITERAL_CONVERSION = YES;
				CLANG_WARN_OBJC_ROOT_CLASS = YES_ERROR;
				CLANG_WARN_QUOTED_INCLUDE_IN_FRAMEWORK_HEADER = YES;
				CLANG_WARN_RANGE_LOOP_ANALYSIS = YES;
				CLANG_WARN_STRICT_PROTOTYPES = YES;
				CLANG_WARN_SUSPICIOUS_MOVE = YES;
				CLANG_WARN_UNGUARDED_AVAILABILITY = YES_AGGRESSIVE;
				CLANG_WARN_UNREACHABLE_CODE = YES;
				CLANG_WARN__DUPLICATE_METHOD_MATCH = YES;
				COPY_PHASE_STRIP = NO;
				DEBUG_INFORMATION_FORMAT = dwarf;
				ENABLE_STRICT_OBJC_MSGSEND = YES;
				ENABLE_TESTABILITY = YES;
				GCC_C_LANGUAGE_STANDARD = gnu11;
				GCC_DYNAMIC_NO_PIC = NO;
				GCC_NO_COMMON_BLOCKS = YES;
				GCC_OPTIMIZATION_LEVEL = 0;
				GCC_PREPROCESSOR_DEFINITIONS = (
					"DEBUG=1",
					"$(inherited)",
				);
				GCC_WARN_64_TO_32_BIT_CONVERSION = YES;
				GCC_WARN_ABOUT_RETURN_TYPE = YES_ERROR;
				GCC_WARN_UNDECLARED_SELECTOR = YES;
				GCC_WARN_UNINITIALIZED_AUTOS = YES_AGGRESSIVE;
				GCC_WARN_UNUSED_FUNCTION = YES;
				GCC_WARN_UNUSED_VARIABLE = YES;
				IPHONEOS_DEPLOYMENT_TARGET = 16.1;
				MTL_ENABLE_DEBUG_INFO = INCLUDE_SOURCE;
				MTL_FAST_MATH = YES;
				ONLY_ACTIVE_ARCH = YES;
				SDKROOT = iphoneos;
				SWIFT_ACTIVE_COMPILATION_CONDITIONS = DEBUG;
				SWIFT_OPTIMIZATION_LEVEL = "-Onone";
			};
			name = Debug;
		};
		80A64A0F294D6491001317DD /* Release */ = {
			isa = XCBuildConfiguration;
			buildSettings = {
				ALWAYS_SEARCH_USER_PATHS = NO;
				CLANG_ANALYZER_NONNULL = YES;
				CLANG_ANALYZER_NUMBER_OBJECT_CONVERSION = YES_AGGRESSIVE;
				CLANG_CXX_LANGUAGE_STANDARD = "gnu++20";
				CLANG_ENABLE_MODULES = YES;
				CLANG_ENABLE_OBJC_ARC = YES;
				CLANG_ENABLE_OBJC_WEAK = YES;
				CLANG_WARN_BLOCK_CAPTURE_AUTORELEASING = YES;
				CLANG_WARN_BOOL_CONVERSION = YES;
				CLANG_WARN_COMMA = YES;
				CLANG_WARN_CONSTANT_CONVERSION = YES;
				CLANG_WARN_DEPRECATED_OBJC_IMPLEMENTATIONS = YES;
				CLANG_WARN_DIRECT_OBJC_ISA_USAGE = YES_ERROR;
				CLANG_WARN_DOCUMENTATION_COMMENTS = YES;
				CLANG_WARN_EMPTY_BODY = YES;
				CLANG_WARN_ENUM_CONVERSION = YES;
				CLANG_WARN_INFINITE_RECURSION = YES;
				CLANG_WARN_INT_CONVERSION = YES;
				CLANG_WARN_NON_LITERAL_NULL_CONVERSION = YES;
				CLANG_WARN_OBJC_IMPLICIT_RETAIN_SELF = YES;
				CLANG_WARN_OBJC_LITERAL_CONVERSION = YES;
				CLANG_WARN_OBJC_ROOT_CLASS = YES_ERROR;
				CLANG_WARN_QUOTED_INCLUDE_IN_FRAMEWORK_HEADER = YES;
				CLANG_WARN_RANGE_LOOP_ANALYSIS = YES;
				CLANG_WARN_STRICT_PROTOTYPES = YES;
				CLANG_WARN_SUSPICIOUS_MOVE = YES;
				CLANG_WARN_UNGUARDED_AVAILABILITY = YES_AGGRESSIVE;
				CLANG_WARN_UNREACHABLE_CODE = YES;
				CLANG_WARN__DUPLICATE_METHOD_MATCH = YES;
				COPY_PHASE_STRIP = NO;
				DEBUG_INFORMATION_FORMAT = "dwarf-with-dsym";
				ENABLE_NS_ASSERTIONS = NO;
				ENABLE_STRICT_OBJC_MSGSEND = YES;
				GCC_C_LANGUAGE_STANDARD = gnu11;
				GCC_NO_COMMON_BLOCKS = YES;
				GCC_WARN_64_TO_32_BIT_CONVERSION = YES;
				GCC_WARN_ABOUT_RETURN_TYPE = YES_ERROR;
				GCC_WARN_UNDECLARED_SELECTOR = YES;
				GCC_WARN_UNINITIALIZED_AUTOS = YES_AGGRESSIVE;
				GCC_WARN_UNUSED_FUNCTION = YES;
				GCC_WARN_UNUSED_VARIABLE = YES;
				IPHONEOS_DEPLOYMENT_TARGET = 16.1;
				MTL_ENABLE_DEBUG_INFO = NO;
				MTL_FAST_MATH = YES;
				SDKROOT = iphoneos;
				SWIFT_COMPILATION_MODE = wholemodule;
				SWIFT_OPTIMIZATION_LEVEL = "-O";
				VALIDATE_PRODUCT = YES;
			};
			name = Release;
		};
		80A64A11294D6491001317DD /* Debug */ = {
			isa = XCBuildConfiguration;
			buildSettings = {
				ASSETCATALOG_COMPILER_APPICON_NAME = AppIcon;
				ASSETCATALOG_COMPILER_GLOBAL_ACCENT_COLOR_NAME = AccentColor;
				CODE_SIGN_STYLE = Automatic;
				CURRENT_PROJECT_VERSION = 1;
				DEVELOPMENT_ASSET_PATHS = "\"uParker-SwiftUI/Preview Content\"";
				DEVELOPMENT_TEAM = FV4ACN6AD6;
				ENABLE_PREVIEWS = YES;
				GENERATE_INFOPLIST_FILE = YES;
				INFOPLIST_FILE = "uParker-SwiftUI/Info.plist";
				INFOPLIST_KEY_NSLocationAlwaysAndWhenInUseUsageDescription = "To show spots near you";
				INFOPLIST_KEY_NSLocationAlwaysUsageDescription = "To show spots near you";
				INFOPLIST_KEY_NSLocationWhenInUseUsageDescription = "To show spots near you";
				INFOPLIST_KEY_UIApplicationSupportsIndirectInputEvents = YES;
				INFOPLIST_KEY_UIRequiresFullScreen = YES;
				INFOPLIST_KEY_UISupportedInterfaceOrientations = UIInterfaceOrientationPortrait;
				LD_RUNPATH_SEARCH_PATHS = (
					"$(inherited)",
					"@executable_path/Frameworks",
				);
				MARKETING_VERSION = 1.0;
				PRODUCT_BUNDLE_IDENTIFIER = "xavware.uParker-SwiftUI";
				PRODUCT_NAME = "$(TARGET_NAME)";
				SWIFT_EMIT_LOC_STRINGS = YES;
				SWIFT_VERSION = 5.0;
				TARGETED_DEVICE_FAMILY = "1,2";
			};
			name = Debug;
		};
		80A64A12294D6491001317DD /* Release */ = {
			isa = XCBuildConfiguration;
			buildSettings = {
				ASSETCATALOG_COMPILER_APPICON_NAME = AppIcon;
				ASSETCATALOG_COMPILER_GLOBAL_ACCENT_COLOR_NAME = AccentColor;
				CODE_SIGN_STYLE = Automatic;
				CURRENT_PROJECT_VERSION = 1;
				DEVELOPMENT_ASSET_PATHS = "\"uParker-SwiftUI/Preview Content\"";
				DEVELOPMENT_TEAM = FV4ACN6AD6;
				ENABLE_PREVIEWS = YES;
				GENERATE_INFOPLIST_FILE = YES;
				INFOPLIST_FILE = "uParker-SwiftUI/Info.plist";
				INFOPLIST_KEY_NSLocationAlwaysAndWhenInUseUsageDescription = "To show spots near you";
				INFOPLIST_KEY_NSLocationAlwaysUsageDescription = "To show spots near you";
				INFOPLIST_KEY_NSLocationWhenInUseUsageDescription = "To show spots near you";
				INFOPLIST_KEY_UIApplicationSupportsIndirectInputEvents = YES;
				INFOPLIST_KEY_UIRequiresFullScreen = YES;
				INFOPLIST_KEY_UISupportedInterfaceOrientations = UIInterfaceOrientationPortrait;
				LD_RUNPATH_SEARCH_PATHS = (
					"$(inherited)",
					"@executable_path/Frameworks",
				);
				MARKETING_VERSION = 1.0;
				PRODUCT_BUNDLE_IDENTIFIER = "xavware.uParker-SwiftUI";
				PRODUCT_NAME = "$(TARGET_NAME)";
				SWIFT_EMIT_LOC_STRINGS = YES;
				SWIFT_VERSION = 5.0;
				TARGETED_DEVICE_FAMILY = "1,2";
			};
			name = Release;
		};
/* End XCBuildConfiguration section */

/* Begin XCConfigurationList section */
		80A649FD294D6490001317DD /* Build configuration list for PBXProject "uParker-SwiftUI" */ = {
			isa = XCConfigurationList;
			buildConfigurations = (
				80A64A0E294D6491001317DD /* Debug */,
				80A64A0F294D6491001317DD /* Release */,
			);
			defaultConfigurationIsVisible = 0;
			defaultConfigurationName = Release;
		};
		80A64A10294D6491001317DD /* Build configuration list for PBXNativeTarget "uParker-SwiftUI" */ = {
			isa = XCConfigurationList;
			buildConfigurations = (
				80A64A11294D6491001317DD /* Debug */,
				80A64A12294D6491001317DD /* Release */,
			);
			defaultConfigurationIsVisible = 0;
			defaultConfigurationName = Release;
		};
/* End XCConfigurationList section */

/* Begin XCRemoteSwiftPackageReference section */
		800772E82969F23000E7FEED /* XCRemoteSwiftPackageReference "MapboxGeocoder.swift" */ = {
			isa = XCRemoteSwiftPackageReference;
			repositoryURL = "https://github.com/mapbox/MapboxGeocoder.swift.git";
			requirement = {
				kind = upToNextMajorVersion;
				minimumVersion = 0.15.0;
			};
		};
		804DAD54297B369D00B89AC6 /* XCRemoteSwiftPackageReference "search-ios" */ = {
			isa = XCRemoteSwiftPackageReference;
			repositoryURL = "https://github.com/mapbox/search-ios.git";
			requirement = {
				kind = exactVersion;
				version = "1.0.0-beta.41";
			};
		};
		806073542966B6C600C4E136 /* XCRemoteSwiftPackageReference "mapbox-maps-ios" */ = {
			isa = XCRemoteSwiftPackageReference;
			repositoryURL = "https://github.com/mapbox/mapbox-maps-ios.git";
			requirement = {
				kind = upToNextMajorVersion;
				minimumVersion = 10.10.1;
			};
		};
/* End XCRemoteSwiftPackageReference section */

/* Begin XCSwiftPackageProductDependency section */
		800772E92969F23000E7FEED /* MapboxGeocoder */ = {
			isa = XCSwiftPackageProductDependency;
			package = 800772E82969F23000E7FEED /* XCRemoteSwiftPackageReference "MapboxGeocoder.swift" */;
			productName = MapboxGeocoder;
		};
		804DAD55297B369D00B89AC6 /* MapboxSearch */ = {
			isa = XCSwiftPackageProductDependency;
			package = 804DAD54297B369D00B89AC6 /* XCRemoteSwiftPackageReference "search-ios" */;
			productName = MapboxSearch;
		};
		804DAD57297B369D00B89AC6 /* MapboxSearchUI */ = {
			isa = XCSwiftPackageProductDependency;
			package = 804DAD54297B369D00B89AC6 /* XCRemoteSwiftPackageReference "search-ios" */;
			productName = MapboxSearchUI;
		};
		806073552966B6C600C4E136 /* MapboxMaps */ = {
			isa = XCSwiftPackageProductDependency;
			package = 806073542966B6C600C4E136 /* XCRemoteSwiftPackageReference "mapbox-maps-ios" */;
			productName = MapboxMaps;
		};
/* End XCSwiftPackageProductDependency section */
	};
	rootObject = 80A649FA294D6490001317DD /* Project object */;
}
